
Microsoft Visual Studio Solution File, Format Version 12.00
# Visual Studio 2012
Project("{D954291E-2A0B-460D-934E-DC6B0785DB48}") = "XamarinInsights", "XamarinInsights\XamarinInsights.shproj", "{386A3062-ECDF-4994-B837-940B7DA41338}"
EndProject
Project("{FAE04EC0-301F-11D3-BF4B-00C04F79EFBC}") = "XamarinInsights.iOS", "iOS\XamarinInsights.iOS.csproj", "{D5A2892A-C33B-459B-97A1-81BDE4C0CE5F}"
EndProject
Project("{FAE04EC0-301F-11D3-BF4B-00C04F79EFBC}") = "XamarinInsights.Android", "Android\XamarinInsights.Android.csproj", "{93092755-DFE9-4FD2-9AED-1C2A9086E2D7}"
EndProject
Global
	GlobalSection(SolutionConfigurationPlatforms) = preSolution
		Debug|iPhoneSimulator = Debug|iPhoneSimulator
		Release|iPhoneSimulator = Release|iPhoneSimulator
		Debug|iPhone = Debug|iPhone
		Release|iPhone = Release|iPhone
		Ad-Hoc|iPhone = Ad-Hoc|iPhone
		AppStore|iPhone = AppStore|iPhone
		Debug|Any CPU = Debug|Any CPU
		Release|Any CPU = Release|Any CPU
	EndGlobalSection
	GlobalSection(ProjectConfigurationPlatforms) = postSolution
		{93092755-DFE9-4FD2-9AED-1C2A9086E2D7}.Ad-Hoc|iPhone.ActiveCfg = Release|Any CPU
		{93092755-DFE9-4FD2-9AED-1C2A9086E2D7}.Ad-Hoc|iPhone.Build.0 = Release|Any CPU
		{93092755-DFE9-4FD2-9AED-1C2A9086E2D7}.AppStore|iPhone.ActiveCfg = Release|Any CPU
		{93092755-DFE9-4FD2-9AED-1C2A9086E2D7}.AppStore|iPhone.Build.0 = Release|Any CPU
		{93092755-DFE9-4FD2-9AED-1C2A9086E2D7}.Debug|Any CPU.ActiveCfg = Debug|Any CPU
		{93092755-DFE9-4FD2-9AED-1C2A9086E2D7}.Debug|Any CPU.Build.0 = Debug|Any CPU
		{93092755-DFE9-4FD2-9AED-1C2A9086E2D7}.Debug|iPhone.ActiveCfg = Debug|Any CPU
		{93092755-DFE9-4FD2-9AED-1C2A9086E2D7}.Debug|iPhone.Build.0 = Debug|Any CPU
		{93092755-DFE9-4FD2-9AED-1C2A9086E2D7}.Debug|iPhoneSimulator.ActiveCfg = Debug|Any CPU
		{93092755-DFE9-4FD2-9AED-1C2A9086E2D7}.Debug|iPhoneSimulator.Build.0 = Debug|Any CPU
		{93092755-DFE9-4FD2-9AED-1C2A9086E2D7}.Release|Any CPU.ActiveCfg = Release|Any CPU
		{93092755-DFE9-4FD2-9AED-1C2A9086E2D7}.Release|Any CPU.Build.0 = Release|Any CPU
		{93092755-DFE9-4FD2-9AED-1C2A9086E2D7}.Release|iPhone.ActiveCfg = Release|Any CPU
		{93092755-DFE9-4FD2-9AED-1C2A9086E2D7}.Release|iPhone.Build.0 = Release|Any CPU
		{93092755-DFE9-4FD2-9AED-1C2A9086E2D7}.Release|iPhoneSimulator.ActiveCfg = Release|Any CPU
		{93092755-DFE9-4FD2-9AED-1C2A9086E2D7}.Release|iPhoneSimulator.Build.0 = Release|Any CPU
		{D5A2892A-C33B-459B-97A1-81BDE4C0CE5F}.Ad-Hoc|iPhone.ActiveCfg = Ad-Hoc|iPhone
		{D5A2892A-C33B-459B-97A1-81BDE4C0CE5F}.Ad-Hoc|iPhone.Build.0 = Ad-Hoc|iPhone
		{D5A2892A-C33B-459B-97A1-81BDE4C0CE5F}.AppStore|iPhone.ActiveCfg = AppStore|iPhone
		{D5A2892A-C33B-459B-97A1-81BDE4C0CE5F}.AppStore|iPhone.Build.0 = AppStore|iPhone
		{D5A2892A-C33B-459B-97A1-81BDE4C0CE5F}.Debug|Any CPU.ActiveCfg = Debug|iPhoneSimulator
		{D5A2892A-C33B-459B-97A1-81BDE4C0CE5F}.Debug|Any CPU.Build.0 = Debug|iPhoneSimulator
		{D5A2892A-C33B-459B-97A1-81BDE4C0CE5F}.Debug|iPhone.ActiveCfg = Debug|iPhone
		{D5A2892A-C33B-459B-97A1-81BDE4C0CE5F}.Debug|iPhone.Build.0 = Debug|iPhone
		{D5A2892A-C33B-459B-97A1-81BDE4C0CE5F}.Debug|iPhoneSimulator.ActiveCfg = Debug|iPhoneSimulator
		{D5A2892A-C33B-459B-97A1-81BDE4C0CE5F}.Debug|iPhoneSimulator.Build.0 = Debug|iPhoneSimulator
		{D5A2892A-C33B-459B-97A1-81BDE4C0CE5F}.Release|Any CPU.ActiveCfg = Release|iPhoneSimulator
		{D5A2892A-C33B-459B-97A1-81BDE4C0CE5F}.Release|Any CPU.Build.0 = Release|iPhoneSimulator
		{D5A2892A-C33B-459B-97A1-81BDE4C0CE5F}.Release|iPhone.ActiveCfg = Release|iPhone
		{D5A2892A-C33B-459B-97A1-81BDE4C0CE5F}.Release|iPhone.Build.0 = Release|iPhone
		{D5A2892A-C33B-459B-97A1-81BDE4C0CE5F}.Release|iPhoneSimulator.ActiveCfg = Release|iPhoneSimulator
		{D5A2892A-C33B-459B-97A1-81BDE4C0CE5F}.Release|iPhoneSimulator.Build.0 = Release|iPhoneSimulator
	EndGlobalSection
	GlobalSection(MonoDevelopProperties) = preSolution
		StartupItem = iOS\XamarinInsights.iOS.csproj
	EndGlobalSection
EndGlobal
