
Microsoft Visual Studio Solution File, Format Version 12.00
# Visual Studio 2012
Project("{FAE04EC0-301F-11D3-BF4B-00C04F79EFBC}") = "MagicBall", "MagicBall\MagicBall.csproj", "{6B969506-02E9-4A9E-932D-1072A440791A}"
EndProject
Project("{FAE04EC0-301F-11D3-BF4B-00C04F79EFBC}") = "MagicBall.iOS", "iOS\MagicBall.iOS.csproj", "{56026EEF-8C56-4F56-86E1-7640E4A4B5AD}"
EndProject
Project("{FAE04EC0-301F-11D3-BF4B-00C04F79EFBC}") = "MagicBall.Android", "Android\MagicBall.Android.csproj", "{647583D6-B311-431D-9C87-0D3B31BCAC07}"
EndProject
Global
	GlobalSection(SolutionConfigurationPlatforms) = preSolution
		Debug|Any CPU = Debug|Any CPU
		Release|Any CPU = Release|Any CPU
		Debug|iPhoneSimulator = Debug|iPhoneSimulator
		Release|iPhoneSimulator = Release|iPhoneSimulator
		Debug|iPhone = Debug|iPhone
		Release|iPhone = Release|iPhone
		Ad-Hoc|iPhone = Ad-Hoc|iPhone
		AppStore|iPhone = AppStore|iPhone
	EndGlobalSection
	GlobalSection(ProjectConfigurationPlatforms) = postSolution
		{56026EEF-8C56-4F56-86E1-7640E4A4B5AD}.Ad-Hoc|iPhone.ActiveCfg = Ad-Hoc|iPhone
		{56026EEF-8C56-4F56-86E1-7640E4A4B5AD}.Ad-Hoc|iPhone.Build.0 = Ad-Hoc|iPhone
		{56026EEF-8C56-4F56-86E1-7640E4A4B5AD}.AppStore|iPhone.ActiveCfg = AppStore|iPhone
		{56026EEF-8C56-4F56-86E1-7640E4A4B5AD}.AppStore|iPhone.Build.0 = AppStore|iPhone
		{56026EEF-8C56-4F56-86E1-7640E4A4B5AD}.Debug|Any CPU.ActiveCfg = Debug|iPhoneSimulator
		{56026EEF-8C56-4F56-86E1-7640E4A4B5AD}.Debug|Any CPU.Build.0 = Debug|iPhoneSimulator
		{56026EEF-8C56-4F56-86E1-7640E4A4B5AD}.Debug|iPhone.ActiveCfg = Debug|iPhone
		{56026EEF-8C56-4F56-86E1-7640E4A4B5AD}.Debug|iPhone.Build.0 = Debug|iPhone
		{56026EEF-8C56-4F56-86E1-7640E4A4B5AD}.Debug|iPhoneSimulator.ActiveCfg = Debug|iPhoneSimulator
		{56026EEF-8C56-4F56-86E1-7640E4A4B5AD}.Debug|iPhoneSimulator.Build.0 = Debug|iPhoneSimulator
		{56026EEF-8C56-4F56-86E1-7640E4A4B5AD}.Release|Any CPU.ActiveCfg = Release|iPhoneSimulator
		{56026EEF-8C56-4F56-86E1-7640E4A4B5AD}.Release|Any CPU.Build.0 = Release|iPhoneSimulator
		{56026EEF-8C56-4F56-86E1-7640E4A4B5AD}.Release|iPhone.ActiveCfg = Release|iPhone
		{56026EEF-8C56-4F56-86E1-7640E4A4B5AD}.Release|iPhone.Build.0 = Release|iPhone
		{56026EEF-8C56-4F56-86E1-7640E4A4B5AD}.Release|iPhoneSimulator.ActiveCfg = Release|iPhoneSimulator
		{56026EEF-8C56-4F56-86E1-7640E4A4B5AD}.Release|iPhoneSimulator.Build.0 = Release|iPhoneSimulator
		{647583D6-B311-431D-9C87-0D3B31BCAC07}.Ad-Hoc|iPhone.ActiveCfg = Debug|Any CPU
		{647583D6-B311-431D-9C87-0D3B31BCAC07}.Ad-Hoc|iPhone.Build.0 = Debug|Any CPU
		{647583D6-B311-431D-9C87-0D3B31BCAC07}.AppStore|iPhone.ActiveCfg = Debug|Any CPU
		{647583D6-B311-431D-9C87-0D3B31BCAC07}.AppStore|iPhone.Build.0 = Debug|Any CPU
		{647583D6-B311-431D-9C87-0D3B31BCAC07}.Debug|Any CPU.ActiveCfg = Debug|Any CPU
		{647583D6-B311-431D-9C87-0D3B31BCAC07}.Debug|Any CPU.Build.0 = Debug|Any CPU
		{647583D6-B311-431D-9C87-0D3B31BCAC07}.Debug|iPhone.ActiveCfg = Debug|Any CPU
		{647583D6-B311-431D-9C87-0D3B31BCAC07}.Debug|iPhone.Build.0 = Debug|Any CPU
		{647583D6-B311-431D-9C87-0D3B31BCAC07}.Debug|iPhoneSimulator.ActiveCfg = Debug|Any CPU
		{647583D6-B311-431D-9C87-0D3B31BCAC07}.Debug|iPhoneSimulator.Build.0 = Debug|Any CPU
		{647583D6-B311-431D-9C87-0D3B31BCAC07}.Release|Any CPU.ActiveCfg = Release|Any CPU
		{647583D6-B311-431D-9C87-0D3B31BCAC07}.Release|Any CPU.Build.0 = Release|Any CPU
		{647583D6-B311-431D-9C87-0D3B31BCAC07}.Release|iPhone.ActiveCfg = Release|Any CPU
		{647583D6-B311-431D-9C87-0D3B31BCAC07}.Release|iPhone.Build.0 = Release|Any CPU
		{647583D6-B311-431D-9C87-0D3B31BCAC07}.Release|iPhoneSimulator.ActiveCfg = Release|Any CPU
		{647583D6-B311-431D-9C87-0D3B31BCAC07}.Release|iPhoneSimulator.Build.0 = Release|Any CPU
		{6B969506-02E9-4A9E-932D-1072A440791A}.Ad-Hoc|iPhone.ActiveCfg = Debug|Any CPU
		{6B969506-02E9-4A9E-932D-1072A440791A}.Ad-Hoc|iPhone.Build.0 = Debug|Any CPU
		{6B969506-02E9-4A9E-932D-1072A440791A}.AppStore|iPhone.ActiveCfg = Debug|Any CPU
		{6B969506-02E9-4A9E-932D-1072A440791A}.AppStore|iPhone.Build.0 = Debug|Any CPU
		{6B969506-02E9-4A9E-932D-1072A440791A}.Debug|Any CPU.ActiveCfg = Debug|Any CPU
		{6B969506-02E9-4A9E-932D-1072A440791A}.Debug|Any CPU.Build.0 = Debug|Any CPU
		{6B969506-02E9-4A9E-932D-1072A440791A}.Debug|iPhone.ActiveCfg = Debug|Any CPU
		{6B969506-02E9-4A9E-932D-1072A440791A}.Debug|iPhone.Build.0 = Debug|Any CPU
		{6B969506-02E9-4A9E-932D-1072A440791A}.Debug|iPhoneSimulator.ActiveCfg = Debug|Any CPU
		{6B969506-02E9-4A9E-932D-1072A440791A}.Debug|iPhoneSimulator.Build.0 = Debug|Any CPU
		{6B969506-02E9-4A9E-932D-1072A440791A}.Release|Any CPU.ActiveCfg = Release|Any CPU
		{6B969506-02E9-4A9E-932D-1072A440791A}.Release|Any CPU.Build.0 = Release|Any CPU
		{6B969506-02E9-4A9E-932D-1072A440791A}.Release|iPhone.ActiveCfg = Release|Any CPU
		{6B969506-02E9-4A9E-932D-1072A440791A}.Release|iPhone.Build.0 = Release|Any CPU
		{6B969506-02E9-4A9E-932D-1072A440791A}.Release|iPhoneSimulator.ActiveCfg = Release|Any CPU
		{6B969506-02E9-4A9E-932D-1072A440791A}.Release|iPhoneSimulator.Build.0 = Release|Any CPU
	EndGlobalSection
	GlobalSection(MonoDevelopProperties) = preSolution
		StartupItem = iOS\MagicBall.iOS.csproj
	EndGlobalSection
EndGlobal
