
Microsoft Visual Studio Solution File, Format Version 12.00
# Visual Studio 14
VisualStudioVersion = 14.0.25420.1
MinimumVisualStudioVersion = 10.0.40219.1
Project("{FAE04EC0-301F-11D3-BF4B-00C04F79EFBC}") = "DevDaysSpeakers.Droid", "Src\DevDaysSpeakers.Droid\DevDaysSpeakers.Droid.csproj", "{98248CE3-4317-4FB5-9F37-7AC19FEFDF1D}"
EndProject
Project("{FAE04EC0-301F-11D3-BF4B-00C04F79EFBC}") = "DevDaysSpeakers.iOS", "Src\DevDaysSpeakers.iOS\DevDaysSpeakers.iOS.csproj", "{367B4F1E-C7D4-432C-B767-59121E12C2BF}"
EndProject
Project("{FAE04EC0-301F-11D3-BF4B-00C04F79EFBC}") = "DevDaysSpeakers.UWP", "Src\DevDaysSpeakers.UWP\DevDaysSpeakers.UWP.csproj", "{5A77AD80-10E0-4093-9332-ECFB62D3342A}"
EndProject
Project("{2150E333-8FDC-42A3-9474-1A3956D46DE8}") = "Mobile", "Mobile", "{1500BFBD-3344-420D-A321-69B755C7930F}"
EndProject
Project("{2150E333-8FDC-42A3-9474-1A3956D46DE8}") = "Backend", "Backend", "{B54E5FC0-74EA-4AB1-BFE5-0ACC8D08D15C}"
EndProject
Project("{2150E333-8FDC-42A3-9474-1A3956D46DE8}") = "Common", "Common", "{86740496-055C-4713-8419-8A5AA73222D6}"
EndProject
Project("{FAE04EC0-301F-11D3-BF4B-00C04F79EFBC}") = "DevDaysSpeakers", "Src\DevDaysSpeakers\DevDaysSpeakers.csproj", "{AE6AFDCB-6945-48D4-9D5E-76D3EBB11C28}"
EndProject
Project("{D954291E-2A0B-460D-934E-DC6B0785DB48}") = "DevDaysSpeakers.Shared", "Src\DevDaysSpeakers.Shared\DevDaysSpeakers.Shared.shproj", "{F0365254-D93D-4178-8849-73A302EAF71E}"
EndProject
Project("{FAE04EC0-301F-11D3-BF4B-00C04F79EFBC}") = "DevDaysSpeakers.Functions", "Src\DevDaysSpeakers.Functions\DevDaysSpeakers.Functions.csproj", "{439ADDAE-E36A-4858-A020-D97CDDA4DF17}"
EndProject
Global
	GlobalSection(SharedMSBuildProjectFiles) = preSolution
		DevDaysSpeakers\DevDaysSpeakers.Shared\DevDaysSpeakers.Shared.projitems*{367b4f1e-c7d4-432c-b767-59121e12c2bf}*SharedItemsImports = 4
		DevDaysSpeakers\DevDaysSpeakers.Shared\DevDaysSpeakers.Shared.projitems*{5a77ad80-10e0-4093-9332-ecfb62d3342a}*SharedItemsImports = 4
		DevDaysSpeakers\DevDaysSpeakers.Shared\DevDaysSpeakers.Shared.projitems*{98248ce3-4317-4fb5-9f37-7ac19fefdf1d}*SharedItemsImports = 4
		DevDaysSpeakers\DevDaysSpeakers.Shared\DevDaysSpeakers.Shared.projitems*{a87aff87-d94f-4b2d-a3e4-b1ec3b6e42c3}*SharedItemsImports = 13
	EndGlobalSection
	GlobalSection(SolutionConfigurationPlatforms) = preSolution
		Ad-Hoc|Any CPU = Ad-Hoc|Any CPU
		Ad-Hoc|ARM = Ad-Hoc|ARM
		Ad-Hoc|iPhone = Ad-Hoc|iPhone
		Ad-Hoc|iPhoneSimulator = Ad-Hoc|iPhoneSimulator
		Ad-Hoc|x64 = Ad-Hoc|x64
		Ad-Hoc|x86 = Ad-Hoc|x86
		AppStore|Any CPU = AppStore|Any CPU
		AppStore|ARM = AppStore|ARM
		AppStore|iPhone = AppStore|iPhone
		AppStore|iPhoneSimulator = AppStore|iPhoneSimulator
		AppStore|x64 = AppStore|x64
		AppStore|x86 = AppStore|x86
		Debug|Any CPU = Debug|Any CPU
		Debug|ARM = Debug|ARM
		Debug|iPhone = Debug|iPhone
		Debug|iPhoneSimulator = Debug|iPhoneSimulator
		Debug|x64 = Debug|x64
		Debug|x86 = Debug|x86
		Release|Any CPU = Release|Any CPU
		Release|ARM = Release|ARM
		Release|iPhone = Release|iPhone
		Release|iPhoneSimulator = Release|iPhoneSimulator
		Release|x64 = Release|x64
		Release|x86 = Release|x86
	EndGlobalSection
	GlobalSection(ProjectConfigurationPlatforms) = postSolution
		{98248CE3-4317-4FB5-9F37-7AC19FEFDF1D}.Ad-Hoc|Any CPU.ActiveCfg = Release|Any CPU
		{98248CE3-4317-4FB5-9F37-7AC19FEFDF1D}.Ad-Hoc|Any CPU.Build.0 = Release|Any CPU
		{98248CE3-4317-4FB5-9F37-7AC19FEFDF1D}.Ad-Hoc|Any CPU.Deploy.0 = Release|Any CPU
		{98248CE3-4317-4FB5-9F37-7AC19FEFDF1D}.Ad-Hoc|ARM.ActiveCfg = Release|Any CPU
		{98248CE3-4317-4FB5-9F37-7AC19FEFDF1D}.Ad-Hoc|ARM.Build.0 = Release|Any CPU
		{98248CE3-4317-4FB5-9F37-7AC19FEFDF1D}.Ad-Hoc|ARM.Deploy.0 = Release|Any CPU
		{98248CE3-4317-4FB5-9F37-7AC19FEFDF1D}.Ad-Hoc|iPhone.ActiveCfg = Release|Any CPU
		{98248CE3-4317-4FB5-9F37-7AC19FEFDF1D}.Ad-Hoc|iPhone.Build.0 = Release|Any CPU
		{98248CE3-4317-4FB5-9F37-7AC19FEFDF1D}.Ad-Hoc|iPhone.Deploy.0 = Release|Any CPU
		{98248CE3-4317-4FB5-9F37-7AC19FEFDF1D}.Ad-Hoc|iPhoneSimulator.ActiveCfg = Release|Any CPU
		{98248CE3-4317-4FB5-9F37-7AC19FEFDF1D}.Ad-Hoc|iPhoneSimulator.Build.0 = Release|Any CPU
		{98248CE3-4317-4FB5-9F37-7AC19FEFDF1D}.Ad-Hoc|iPhoneSimulator.Deploy.0 = Release|Any CPU
		{98248CE3-4317-4FB5-9F37-7AC19FEFDF1D}.Ad-Hoc|x64.ActiveCfg = Release|Any CPU
		{98248CE3-4317-4FB5-9F37-7AC19FEFDF1D}.Ad-Hoc|x64.Build.0 = Release|Any CPU
		{98248CE3-4317-4FB5-9F37-7AC19FEFDF1D}.Ad-Hoc|x64.Deploy.0 = Release|Any CPU
		{98248CE3-4317-4FB5-9F37-7AC19FEFDF1D}.Ad-Hoc|x86.ActiveCfg = Release|Any CPU
		{98248CE3-4317-4FB5-9F37-7AC19FEFDF1D}.Ad-Hoc|x86.Build.0 = Release|Any CPU
		{98248CE3-4317-4FB5-9F37-7AC19FEFDF1D}.Ad-Hoc|x86.Deploy.0 = Release|Any CPU
		{98248CE3-4317-4FB5-9F37-7AC19FEFDF1D}.AppStore|Any CPU.ActiveCfg = Release|Any CPU
		{98248CE3-4317-4FB5-9F37-7AC19FEFDF1D}.AppStore|Any CPU.Build.0 = Release|Any CPU
		{98248CE3-4317-4FB5-9F37-7AC19FEFDF1D}.AppStore|Any CPU.Deploy.0 = Release|Any CPU
		{98248CE3-4317-4FB5-9F37-7AC19FEFDF1D}.AppStore|ARM.ActiveCfg = Release|Any CPU
		{98248CE3-4317-4FB5-9F37-7AC19FEFDF1D}.AppStore|ARM.Build.0 = Release|Any CPU
		{98248CE3-4317-4FB5-9F37-7AC19FEFDF1D}.AppStore|ARM.Deploy.0 = Release|Any CPU
		{98248CE3-4317-4FB5-9F37-7AC19FEFDF1D}.AppStore|iPhone.ActiveCfg = Release|Any CPU
		{98248CE3-4317-4FB5-9F37-7AC19FEFDF1D}.AppStore|iPhone.Build.0 = Release|Any CPU
		{98248CE3-4317-4FB5-9F37-7AC19FEFDF1D}.AppStore|iPhone.Deploy.0 = Release|Any CPU
		{98248CE3-4317-4FB5-9F37-7AC19FEFDF1D}.AppStore|iPhoneSimulator.ActiveCfg = Release|Any CPU
		{98248CE3-4317-4FB5-9F37-7AC19FEFDF1D}.AppStore|iPhoneSimulator.Build.0 = Release|Any CPU
		{98248CE3-4317-4FB5-9F37-7AC19FEFDF1D}.AppStore|iPhoneSimulator.Deploy.0 = Release|Any CPU
		{98248CE3-4317-4FB5-9F37-7AC19FEFDF1D}.AppStore|x64.ActiveCfg = Release|Any CPU
		{98248CE3-4317-4FB5-9F37-7AC19FEFDF1D}.AppStore|x64.Build.0 = Release|Any CPU
		{98248CE3-4317-4FB5-9F37-7AC19FEFDF1D}.AppStore|x64.Deploy.0 = Release|Any CPU
		{98248CE3-4317-4FB5-9F37-7AC19FEFDF1D}.AppStore|x86.ActiveCfg = Release|Any CPU
		{98248CE3-4317-4FB5-9F37-7AC19FEFDF1D}.AppStore|x86.Build.0 = Release|Any CPU
		{98248CE3-4317-4FB5-9F37-7AC19FEFDF1D}.AppStore|x86.Deploy.0 = Release|Any CPU
		{98248CE3-4317-4FB5-9F37-7AC19FEFDF1D}.Debug|Any CPU.ActiveCfg = Debug|Any CPU
		{98248CE3-4317-4FB5-9F37-7AC19FEFDF1D}.Debug|Any CPU.Build.0 = Debug|Any CPU
		{98248CE3-4317-4FB5-9F37-7AC19FEFDF1D}.Debug|Any CPU.Deploy.0 = Debug|Any CPU
		{98248CE3-4317-4FB5-9F37-7AC19FEFDF1D}.Debug|ARM.ActiveCfg = Debug|Any CPU
		{98248CE3-4317-4FB5-9F37-7AC19FEFDF1D}.Debug|ARM.Build.0 = Debug|Any CPU
		{98248CE3-4317-4FB5-9F37-7AC19FEFDF1D}.Debug|ARM.Deploy.0 = Debug|Any CPU
		{98248CE3-4317-4FB5-9F37-7AC19FEFDF1D}.Debug|iPhone.ActiveCfg = Debug|Any CPU
		{98248CE3-4317-4FB5-9F37-7AC19FEFDF1D}.Debug|iPhone.Build.0 = Debug|Any CPU
		{98248CE3-4317-4FB5-9F37-7AC19FEFDF1D}.Debug|iPhone.Deploy.0 = Debug|Any CPU
		{98248CE3-4317-4FB5-9F37-7AC19FEFDF1D}.Debug|iPhoneSimulator.ActiveCfg = Debug|Any CPU
		{98248CE3-4317-4FB5-9F37-7AC19FEFDF1D}.Debug|iPhoneSimulator.Build.0 = Debug|Any CPU
		{98248CE3-4317-4FB5-9F37-7AC19FEFDF1D}.Debug|iPhoneSimulator.Deploy.0 = Debug|Any CPU
		{98248CE3-4317-4FB5-9F37-7AC19FEFDF1D}.Debug|x64.ActiveCfg = Debug|Any CPU
		{98248CE3-4317-4FB5-9F37-7AC19FEFDF1D}.Debug|x64.Build.0 = Debug|Any CPU
		{98248CE3-4317-4FB5-9F37-7AC19FEFDF1D}.Debug|x64.Deploy.0 = Debug|Any CPU
		{98248CE3-4317-4FB5-9F37-7AC19FEFDF1D}.Debug|x86.ActiveCfg = Debug|Any CPU
		{98248CE3-4317-4FB5-9F37-7AC19FEFDF1D}.Debug|x86.Build.0 = Debug|Any CPU
		{98248CE3-4317-4FB5-9F37-7AC19FEFDF1D}.Debug|x86.Deploy.0 = Debug|Any CPU
		{98248CE3-4317-4FB5-9F37-7AC19FEFDF1D}.Release|Any CPU.ActiveCfg = Release|Any CPU
		{98248CE3-4317-4FB5-9F37-7AC19FEFDF1D}.Release|Any CPU.Build.0 = Release|Any CPU
		{98248CE3-4317-4FB5-9F37-7AC19FEFDF1D}.Release|Any CPU.Deploy.0 = Release|Any CPU
		{98248CE3-4317-4FB5-9F37-7AC19FEFDF1D}.Release|ARM.ActiveCfg = Release|Any CPU
		{98248CE3-4317-4FB5-9F37-7AC19FEFDF1D}.Release|ARM.Build.0 = Release|Any CPU
		{98248CE3-4317-4FB5-9F37-7AC19FEFDF1D}.Release|ARM.Deploy.0 = Release|Any CPU
		{98248CE3-4317-4FB5-9F37-7AC19FEFDF1D}.Release|iPhone.ActiveCfg = Release|Any CPU
		{98248CE3-4317-4FB5-9F37-7AC19FEFDF1D}.Release|iPhone.Build.0 = Release|Any CPU
		{98248CE3-4317-4FB5-9F37-7AC19FEFDF1D}.Release|iPhone.Deploy.0 = Release|Any CPU
		{98248CE3-4317-4FB5-9F37-7AC19FEFDF1D}.Release|iPhoneSimulator.ActiveCfg = Release|Any CPU
		{98248CE3-4317-4FB5-9F37-7AC19FEFDF1D}.Release|iPhoneSimulator.Build.0 = Release|Any CPU
		{98248CE3-4317-4FB5-9F37-7AC19FEFDF1D}.Release|iPhoneSimulator.Deploy.0 = Release|Any CPU
		{98248CE3-4317-4FB5-9F37-7AC19FEFDF1D}.Release|x64.ActiveCfg = Release|Any CPU
		{98248CE3-4317-4FB5-9F37-7AC19FEFDF1D}.Release|x64.Build.0 = Release|Any CPU
		{98248CE3-4317-4FB5-9F37-7AC19FEFDF1D}.Release|x64.Deploy.0 = Release|Any CPU
		{98248CE3-4317-4FB5-9F37-7AC19FEFDF1D}.Release|x86.ActiveCfg = Release|Any CPU
		{98248CE3-4317-4FB5-9F37-7AC19FEFDF1D}.Release|x86.Build.0 = Release|Any CPU
		{98248CE3-4317-4FB5-9F37-7AC19FEFDF1D}.Release|x86.Deploy.0 = Release|Any CPU
		{367B4F1E-C7D4-432C-B767-59121E12C2BF}.Ad-Hoc|Any CPU.ActiveCfg = Ad-Hoc|iPhone
		{367B4F1E-C7D4-432C-B767-59121E12C2BF}.Ad-Hoc|ARM.ActiveCfg = Ad-Hoc|iPhone
		{367B4F1E-C7D4-432C-B767-59121E12C2BF}.Ad-Hoc|iPhone.ActiveCfg = Ad-Hoc|iPhone
		{367B4F1E-C7D4-432C-B767-59121E12C2BF}.Ad-Hoc|iPhone.Build.0 = Ad-Hoc|iPhone
		{367B4F1E-C7D4-432C-B767-59121E12C2BF}.Ad-Hoc|iPhoneSimulator.ActiveCfg = Ad-Hoc|iPhoneSimulator
		{367B4F1E-C7D4-432C-B767-59121E12C2BF}.Ad-Hoc|iPhoneSimulator.Build.0 = Ad-Hoc|iPhoneSimulator
		{367B4F1E-C7D4-432C-B767-59121E12C2BF}.Ad-Hoc|x64.ActiveCfg = Ad-Hoc|iPhone
		{367B4F1E-C7D4-432C-B767-59121E12C2BF}.Ad-Hoc|x86.ActiveCfg = Ad-Hoc|iPhone
		{367B4F1E-C7D4-432C-B767-59121E12C2BF}.AppStore|Any CPU.ActiveCfg = AppStore|iPhone
		{367B4F1E-C7D4-432C-B767-59121E12C2BF}.AppStore|ARM.ActiveCfg = AppStore|iPhone
		{367B4F1E-C7D4-432C-B767-59121E12C2BF}.AppStore|iPhone.ActiveCfg = AppStore|iPhone
		{367B4F1E-C7D4-432C-B767-59121E12C2BF}.AppStore|iPhone.Build.0 = AppStore|iPhone
		{367B4F1E-C7D4-432C-B767-59121E12C2BF}.AppStore|iPhoneSimulator.ActiveCfg = AppStore|iPhoneSimulator
		{367B4F1E-C7D4-432C-B767-59121E12C2BF}.AppStore|iPhoneSimulator.Build.0 = AppStore|iPhoneSimulator
		{367B4F1E-C7D4-432C-B767-59121E12C2BF}.AppStore|x64.ActiveCfg = AppStore|iPhone
		{367B4F1E-C7D4-432C-B767-59121E12C2BF}.AppStore|x86.ActiveCfg = AppStore|iPhone
		{367B4F1E-C7D4-432C-B767-59121E12C2BF}.Debug|Any CPU.ActiveCfg = Debug|iPhone
		{367B4F1E-C7D4-432C-B767-59121E12C2BF}.Debug|ARM.ActiveCfg = Debug|iPhone
		{367B4F1E-C7D4-432C-B767-59121E12C2BF}.Debug|iPhone.ActiveCfg = Debug|iPhone
		{367B4F1E-C7D4-432C-B767-59121E12C2BF}.Debug|iPhone.Build.0 = Debug|iPhone
		{367B4F1E-C7D4-432C-B767-59121E12C2BF}.Debug|iPhoneSimulator.ActiveCfg = Debug|iPhoneSimulator
		{367B4F1E-C7D4-432C-B767-59121E12C2BF}.Debug|iPhoneSimulator.Build.0 = Debug|iPhoneSimulator
		{367B4F1E-C7D4-432C-B767-59121E12C2BF}.Debug|x64.ActiveCfg = Debug|iPhone
		{367B4F1E-C7D4-432C-B767-59121E12C2BF}.Debug|x86.ActiveCfg = Debug|iPhone
		{367B4F1E-C7D4-432C-B767-59121E12C2BF}.Release|Any CPU.ActiveCfg = Release|iPhone
		{367B4F1E-C7D4-432C-B767-59121E12C2BF}.Release|ARM.ActiveCfg = Release|iPhone
		{367B4F1E-C7D4-432C-B767-59121E12C2BF}.Release|iPhone.ActiveCfg = Release|iPhone
		{367B4F1E-C7D4-432C-B767-59121E12C2BF}.Release|iPhone.Build.0 = Release|iPhone
		{367B4F1E-C7D4-432C-B767-59121E12C2BF}.Release|iPhoneSimulator.ActiveCfg = Release|iPhoneSimulator
		{367B4F1E-C7D4-432C-B767-59121E12C2BF}.Release|iPhoneSimulator.Build.0 = Release|iPhoneSimulator
		{367B4F1E-C7D4-432C-B767-59121E12C2BF}.Release|x64.ActiveCfg = Release|iPhone
		{367B4F1E-C7D4-432C-B767-59121E12C2BF}.Release|x86.ActiveCfg = Release|iPhone
		{5A77AD80-10E0-4093-9332-ECFB62D3342A}.Ad-Hoc|Any CPU.ActiveCfg = Release|x86
		{5A77AD80-10E0-4093-9332-ECFB62D3342A}.Ad-Hoc|Any CPU.Build.0 = Release|x86
		{5A77AD80-10E0-4093-9332-ECFB62D3342A}.Ad-Hoc|Any CPU.Deploy.0 = Release|x86
		{5A77AD80-10E0-4093-9332-ECFB62D3342A}.Ad-Hoc|ARM.ActiveCfg = Release|ARM
		{5A77AD80-10E0-4093-9332-ECFB62D3342A}.Ad-Hoc|ARM.Build.0 = Release|ARM
		{5A77AD80-10E0-4093-9332-ECFB62D3342A}.Ad-Hoc|ARM.Deploy.0 = Release|ARM
		{5A77AD80-10E0-4093-9332-ECFB62D3342A}.Ad-Hoc|iPhone.ActiveCfg = Release|x86
		{5A77AD80-10E0-4093-9332-ECFB62D3342A}.Ad-Hoc|iPhone.Build.0 = Release|x86
		{5A77AD80-10E0-4093-9332-ECFB62D3342A}.Ad-Hoc|iPhone.Deploy.0 = Release|x86
		{5A77AD80-10E0-4093-9332-ECFB62D3342A}.Ad-Hoc|iPhoneSimulator.ActiveCfg = Release|x86
		{5A77AD80-10E0-4093-9332-ECFB62D3342A}.Ad-Hoc|iPhoneSimulator.Build.0 = Release|x86
		{5A77AD80-10E0-4093-9332-ECFB62D3342A}.Ad-Hoc|iPhoneSimulator.Deploy.0 = Release|x86
		{5A77AD80-10E0-4093-9332-ECFB62D3342A}.Ad-Hoc|x64.ActiveCfg = Release|x64
		{5A77AD80-10E0-4093-9332-ECFB62D3342A}.Ad-Hoc|x64.Build.0 = Release|x64
		{5A77AD80-10E0-4093-9332-ECFB62D3342A}.Ad-Hoc|x64.Deploy.0 = Release|x64
		{5A77AD80-10E0-4093-9332-ECFB62D3342A}.Ad-Hoc|x86.ActiveCfg = Release|x86
		{5A77AD80-10E0-4093-9332-ECFB62D3342A}.Ad-Hoc|x86.Build.0 = Release|x86
		{5A77AD80-10E0-4093-9332-ECFB62D3342A}.Ad-Hoc|x86.Deploy.0 = Release|x86
		{5A77AD80-10E0-4093-9332-ECFB62D3342A}.AppStore|Any CPU.ActiveCfg = Release|x86
		{5A77AD80-10E0-4093-9332-ECFB62D3342A}.AppStore|Any CPU.Build.0 = Release|x86
		{5A77AD80-10E0-4093-9332-ECFB62D3342A}.AppStore|Any CPU.Deploy.0 = Release|x86
		{5A77AD80-10E0-4093-9332-ECFB62D3342A}.AppStore|ARM.ActiveCfg = Release|ARM
		{5A77AD80-10E0-4093-9332-ECFB62D3342A}.AppStore|ARM.Build.0 = Release|ARM
		{5A77AD80-10E0-4093-9332-ECFB62D3342A}.AppStore|ARM.Deploy.0 = Release|ARM
		{5A77AD80-10E0-4093-9332-ECFB62D3342A}.AppStore|iPhone.ActiveCfg = Release|x86
		{5A77AD80-10E0-4093-9332-ECFB62D3342A}.AppStore|iPhone.Build.0 = Release|x86
		{5A77AD80-10E0-4093-9332-ECFB62D3342A}.AppStore|iPhone.Deploy.0 = Release|x86
		{5A77AD80-10E0-4093-9332-ECFB62D3342A}.AppStore|iPhoneSimulator.ActiveCfg = Release|x86
		{5A77AD80-10E0-4093-9332-ECFB62D3342A}.AppStore|iPhoneSimulator.Build.0 = Release|x86
		{5A77AD80-10E0-4093-9332-ECFB62D3342A}.AppStore|iPhoneSimulator.Deploy.0 = Release|x86
		{5A77AD80-10E0-4093-9332-ECFB62D3342A}.AppStore|x64.ActiveCfg = Release|x64
		{5A77AD80-10E0-4093-9332-ECFB62D3342A}.AppStore|x64.Build.0 = Release|x64
		{5A77AD80-10E0-4093-9332-ECFB62D3342A}.AppStore|x64.Deploy.0 = Release|x64
		{5A77AD80-10E0-4093-9332-ECFB62D3342A}.AppStore|x86.ActiveCfg = Release|x86
		{5A77AD80-10E0-4093-9332-ECFB62D3342A}.AppStore|x86.Build.0 = Release|x86
		{5A77AD80-10E0-4093-9332-ECFB62D3342A}.AppStore|x86.Deploy.0 = Release|x86
		{5A77AD80-10E0-4093-9332-ECFB62D3342A}.Debug|Any CPU.ActiveCfg = Debug|x86
		{5A77AD80-10E0-4093-9332-ECFB62D3342A}.Debug|Any CPU.Build.0 = Debug|x86
		{5A77AD80-10E0-4093-9332-ECFB62D3342A}.Debug|Any CPU.Deploy.0 = Debug|x86
		{5A77AD80-10E0-4093-9332-ECFB62D3342A}.Debug|ARM.ActiveCfg = Debug|ARM
		{5A77AD80-10E0-4093-9332-ECFB62D3342A}.Debug|ARM.Build.0 = Debug|ARM
		{5A77AD80-10E0-4093-9332-ECFB62D3342A}.Debug|ARM.Deploy.0 = Debug|ARM
		{5A77AD80-10E0-4093-9332-ECFB62D3342A}.Debug|iPhone.ActiveCfg = Debug|x86
		{5A77AD80-10E0-4093-9332-ECFB62D3342A}.Debug|iPhoneSimulator.ActiveCfg = Debug|x86
		{5A77AD80-10E0-4093-9332-ECFB62D3342A}.Debug|iPhoneSimulator.Build.0 = Debug|x86
		{5A77AD80-10E0-4093-9332-ECFB62D3342A}.Debug|iPhoneSimulator.Deploy.0 = Debug|x86
		{5A77AD80-10E0-4093-9332-ECFB62D3342A}.Debug|x64.ActiveCfg = Debug|x64
		{5A77AD80-10E0-4093-9332-ECFB62D3342A}.Debug|x64.Build.0 = Debug|x64
		{5A77AD80-10E0-4093-9332-ECFB62D3342A}.Debug|x64.Deploy.0 = Debug|x64
		{5A77AD80-10E0-4093-9332-ECFB62D3342A}.Debug|x86.ActiveCfg = Debug|x86
		{5A77AD80-10E0-4093-9332-ECFB62D3342A}.Debug|x86.Build.0 = Debug|x86
		{5A77AD80-10E0-4093-9332-ECFB62D3342A}.Debug|x86.Deploy.0 = Debug|x86
		{5A77AD80-10E0-4093-9332-ECFB62D3342A}.Release|Any CPU.ActiveCfg = Release|x86
		{5A77AD80-10E0-4093-9332-ECFB62D3342A}.Release|ARM.ActiveCfg = Release|ARM
		{5A77AD80-10E0-4093-9332-ECFB62D3342A}.Release|ARM.Build.0 = Release|ARM
		{5A77AD80-10E0-4093-9332-ECFB62D3342A}.Release|ARM.Deploy.0 = Release|ARM
		{5A77AD80-10E0-4093-9332-ECFB62D3342A}.Release|iPhone.ActiveCfg = Release|x86
		{5A77AD80-10E0-4093-9332-ECFB62D3342A}.Release|iPhoneSimulator.ActiveCfg = Release|x86
		{5A77AD80-10E0-4093-9332-ECFB62D3342A}.Release|x64.ActiveCfg = Release|x64
		{5A77AD80-10E0-4093-9332-ECFB62D3342A}.Release|x64.Build.0 = Release|x64
		{5A77AD80-10E0-4093-9332-ECFB62D3342A}.Release|x64.Deploy.0 = Release|x64
		{5A77AD80-10E0-4093-9332-ECFB62D3342A}.Release|x86.ActiveCfg = Release|x86
		{5A77AD80-10E0-4093-9332-ECFB62D3342A}.Release|x86.Build.0 = Release|x86
		{5A77AD80-10E0-4093-9332-ECFB62D3342A}.Release|x86.Deploy.0 = Release|x86
		{AE6AFDCB-6945-48D4-9D5E-76D3EBB11C28}.Ad-Hoc|Any CPU.ActiveCfg = Release|Any CPU
		{AE6AFDCB-6945-48D4-9D5E-76D3EBB11C28}.Ad-Hoc|Any CPU.Build.0 = Release|Any CPU
		{AE6AFDCB-6945-48D4-9D5E-76D3EBB11C28}.Ad-Hoc|ARM.ActiveCfg = Release|Any CPU
		{AE6AFDCB-6945-48D4-9D5E-76D3EBB11C28}.Ad-Hoc|ARM.Build.0 = Release|Any CPU
		{AE6AFDCB-6945-48D4-9D5E-76D3EBB11C28}.Ad-Hoc|iPhone.ActiveCfg = Release|Any CPU
		{AE6AFDCB-6945-48D4-9D5E-76D3EBB11C28}.Ad-Hoc|iPhone.Build.0 = Release|Any CPU
		{AE6AFDCB-6945-48D4-9D5E-76D3EBB11C28}.Ad-Hoc|iPhoneSimulator.ActiveCfg = Release|Any CPU
		{AE6AFDCB-6945-48D4-9D5E-76D3EBB11C28}.Ad-Hoc|iPhoneSimulator.Build.0 = Release|Any CPU
		{AE6AFDCB-6945-48D4-9D5E-76D3EBB11C28}.Ad-Hoc|x64.ActiveCfg = Release|Any CPU
		{AE6AFDCB-6945-48D4-9D5E-76D3EBB11C28}.Ad-Hoc|x64.Build.0 = Release|Any CPU
		{AE6AFDCB-6945-48D4-9D5E-76D3EBB11C28}.Ad-Hoc|x86.ActiveCfg = Release|Any CPU
		{AE6AFDCB-6945-48D4-9D5E-76D3EBB11C28}.Ad-Hoc|x86.Build.0 = Release|Any CPU
		{AE6AFDCB-6945-48D4-9D5E-76D3EBB11C28}.AppStore|Any CPU.ActiveCfg = Release|Any CPU
		{AE6AFDCB-6945-48D4-9D5E-76D3EBB11C28}.AppStore|Any CPU.Build.0 = Release|Any CPU
		{AE6AFDCB-6945-48D4-9D5E-76D3EBB11C28}.AppStore|ARM.ActiveCfg = Release|Any CPU
		{AE6AFDCB-6945-48D4-9D5E-76D3EBB11C28}.AppStore|ARM.Build.0 = Release|Any CPU
		{AE6AFDCB-6945-48D4-9D5E-76D3EBB11C28}.AppStore|iPhone.ActiveCfg = Release|Any CPU
		{AE6AFDCB-6945-48D4-9D5E-76D3EBB11C28}.AppStore|iPhone.Build.0 = Release|Any CPU
		{AE6AFDCB-6945-48D4-9D5E-76D3EBB11C28}.AppStore|iPhoneSimulator.ActiveCfg = Release|Any CPU
		{AE6AFDCB-6945-48D4-9D5E-76D3EBB11C28}.AppStore|iPhoneSimulator.Build.0 = Release|Any CPU
		{AE6AFDCB-6945-48D4-9D5E-76D3EBB11C28}.AppStore|x64.ActiveCfg = Release|Any CPU
		{AE6AFDCB-6945-48D4-9D5E-76D3EBB11C28}.AppStore|x64.Build.0 = Release|Any CPU
		{AE6AFDCB-6945-48D4-9D5E-76D3EBB11C28}.AppStore|x86.ActiveCfg = Release|Any CPU
		{AE6AFDCB-6945-48D4-9D5E-76D3EBB11C28}.AppStore|x86.Build.0 = Release|Any CPU
		{AE6AFDCB-6945-48D4-9D5E-76D3EBB11C28}.Debug|Any CPU.ActiveCfg = Debug|Any CPU
		{AE6AFDCB-6945-48D4-9D5E-76D3EBB11C28}.Debug|Any CPU.Build.0 = Debug|Any CPU
		{AE6AFDCB-6945-48D4-9D5E-76D3EBB11C28}.Debug|ARM.ActiveCfg = Debug|Any CPU
		{AE6AFDCB-6945-48D4-9D5E-76D3EBB11C28}.Debug|ARM.Build.0 = Debug|Any CPU
		{AE6AFDCB-6945-48D4-9D5E-76D3EBB11C28}.Debug|iPhone.ActiveCfg = Debug|Any CPU
		{AE6AFDCB-6945-48D4-9D5E-76D3EBB11C28}.Debug|iPhone.Build.0 = Debug|Any CPU
		{AE6AFDCB-6945-48D4-9D5E-76D3EBB11C28}.Debug|iPhoneSimulator.ActiveCfg = Debug|Any CPU
		{AE6AFDCB-6945-48D4-9D5E-76D3EBB11C28}.Debug|iPhoneSimulator.Build.0 = Debug|Any CPU
		{AE6AFDCB-6945-48D4-9D5E-76D3EBB11C28}.Debug|x64.ActiveCfg = Debug|Any CPU
		{AE6AFDCB-6945-48D4-9D5E-76D3EBB11C28}.Debug|x64.Build.0 = Debug|Any CPU
		{AE6AFDCB-6945-48D4-9D5E-76D3EBB11C28}.Debug|x86.ActiveCfg = Debug|Any CPU
		{AE6AFDCB-6945-48D4-9D5E-76D3EBB11C28}.Debug|x86.Build.0 = Debug|Any CPU
		{AE6AFDCB-6945-48D4-9D5E-76D3EBB11C28}.Release|Any CPU.ActiveCfg = Release|Any CPU
		{AE6AFDCB-6945-48D4-9D5E-76D3EBB11C28}.Release|Any CPU.Build.0 = Release|Any CPU
		{AE6AFDCB-6945-48D4-9D5E-76D3EBB11C28}.Release|ARM.ActiveCfg = Release|Any CPU
		{AE6AFDCB-6945-48D4-9D5E-76D3EBB11C28}.Release|ARM.Build.0 = Release|Any CPU
		{AE6AFDCB-6945-48D4-9D5E-76D3EBB11C28}.Release|iPhone.ActiveCfg = Release|Any CPU
		{AE6AFDCB-6945-48D4-9D5E-76D3EBB11C28}.Release|iPhone.Build.0 = Release|Any CPU
		{AE6AFDCB-6945-48D4-9D5E-76D3EBB11C28}.Release|iPhoneSimulator.ActiveCfg = Release|Any CPU
		{AE6AFDCB-6945-48D4-9D5E-76D3EBB11C28}.Release|iPhoneSimulator.Build.0 = Release|Any CPU
		{AE6AFDCB-6945-48D4-9D5E-76D3EBB11C28}.Release|x64.ActiveCfg = Release|Any CPU
		{AE6AFDCB-6945-48D4-9D5E-76D3EBB11C28}.Release|x64.Build.0 = Release|Any CPU
		{AE6AFDCB-6945-48D4-9D5E-76D3EBB11C28}.Release|x86.ActiveCfg = Release|Any CPU
		{AE6AFDCB-6945-48D4-9D5E-76D3EBB11C28}.Release|x86.Build.0 = Release|Any CPU
		{439ADDAE-E36A-4858-A020-D97CDDA4DF17}.Ad-Hoc|Any CPU.ActiveCfg = Release|Any CPU
		{439ADDAE-E36A-4858-A020-D97CDDA4DF17}.Ad-Hoc|Any CPU.Build.0 = Release|Any CPU
		{439ADDAE-E36A-4858-A020-D97CDDA4DF17}.Ad-Hoc|ARM.ActiveCfg = Release|Any CPU
		{439ADDAE-E36A-4858-A020-D97CDDA4DF17}.Ad-Hoc|ARM.Build.0 = Release|Any CPU
		{439ADDAE-E36A-4858-A020-D97CDDA4DF17}.Ad-Hoc|iPhone.ActiveCfg = Release|Any CPU
		{439ADDAE-E36A-4858-A020-D97CDDA4DF17}.Ad-Hoc|iPhone.Build.0 = Release|Any CPU
		{439ADDAE-E36A-4858-A020-D97CDDA4DF17}.Ad-Hoc|iPhoneSimulator.ActiveCfg = Release|Any CPU
		{439ADDAE-E36A-4858-A020-D97CDDA4DF17}.Ad-Hoc|iPhoneSimulator.Build.0 = Release|Any CPU
		{439ADDAE-E36A-4858-A020-D97CDDA4DF17}.Ad-Hoc|x64.ActiveCfg = Release|Any CPU
		{439ADDAE-E36A-4858-A020-D97CDDA4DF17}.Ad-Hoc|x64.Build.0 = Release|Any CPU
		{439ADDAE-E36A-4858-A020-D97CDDA4DF17}.Ad-Hoc|x86.ActiveCfg = Release|Any CPU
		{439ADDAE-E36A-4858-A020-D97CDDA4DF17}.Ad-Hoc|x86.Build.0 = Release|Any CPU
		{439ADDAE-E36A-4858-A020-D97CDDA4DF17}.AppStore|Any CPU.ActiveCfg = Release|Any CPU
		{439ADDAE-E36A-4858-A020-D97CDDA4DF17}.AppStore|Any CPU.Build.0 = Release|Any CPU
		{439ADDAE-E36A-4858-A020-D97CDDA4DF17}.AppStore|ARM.ActiveCfg = Release|Any CPU
		{439ADDAE-E36A-4858-A020-D97CDDA4DF17}.AppStore|ARM.Build.0 = Release|Any CPU
		{439ADDAE-E36A-4858-A020-D97CDDA4DF17}.AppStore|iPhone.ActiveCfg = Release|Any CPU
		{439ADDAE-E36A-4858-A020-D97CDDA4DF17}.AppStore|iPhone.Build.0 = Release|Any CPU
		{439ADDAE-E36A-4858-A020-D97CDDA4DF17}.AppStore|iPhoneSimulator.ActiveCfg = Release|Any CPU
		{439ADDAE-E36A-4858-A020-D97CDDA4DF17}.AppStore|iPhoneSimulator.Build.0 = Release|Any CPU
		{439ADDAE-E36A-4858-A020-D97CDDA4DF17}.AppStore|x64.ActiveCfg = Release|Any CPU
		{439ADDAE-E36A-4858-A020-D97CDDA4DF17}.AppStore|x64.Build.0 = Release|Any CPU
		{439ADDAE-E36A-4858-A020-D97CDDA4DF17}.AppStore|x86.ActiveCfg = Release|Any CPU
		{439ADDAE-E36A-4858-A020-D97CDDA4DF17}.AppStore|x86.Build.0 = Release|Any CPU
		{439ADDAE-E36A-4858-A020-D97CDDA4DF17}.Debug|Any CPU.ActiveCfg = Debug|Any CPU
		{439ADDAE-E36A-4858-A020-D97CDDA4DF17}.Debug|Any CPU.Build.0 = Debug|Any CPU
		{439ADDAE-E36A-4858-A020-D97CDDA4DF17}.Debug|ARM.ActiveCfg = Debug|Any CPU
		{439ADDAE-E36A-4858-A020-D97CDDA4DF17}.Debug|ARM.Build.0 = Debug|Any CPU
		{439ADDAE-E36A-4858-A020-D97CDDA4DF17}.Debug|iPhone.ActiveCfg = Debug|Any CPU
		{439ADDAE-E36A-4858-A020-D97CDDA4DF17}.Debug|iPhone.Build.0 = Debug|Any CPU
		{439ADDAE-E36A-4858-A020-D97CDDA4DF17}.Debug|iPhoneSimulator.ActiveCfg = Debug|Any CPU
		{439ADDAE-E36A-4858-A020-D97CDDA4DF17}.Debug|iPhoneSimulator.Build.0 = Debug|Any CPU
		{439ADDAE-E36A-4858-A020-D97CDDA4DF17}.Debug|x64.ActiveCfg = Debug|Any CPU
		{439ADDAE-E36A-4858-A020-D97CDDA4DF17}.Debug|x64.Build.0 = Debug|Any CPU
		{439ADDAE-E36A-4858-A020-D97CDDA4DF17}.Debug|x86.ActiveCfg = Debug|Any CPU
		{439ADDAE-E36A-4858-A020-D97CDDA4DF17}.Debug|x86.Build.0 = Debug|Any CPU
		{439ADDAE-E36A-4858-A020-D97CDDA4DF17}.Release|Any CPU.ActiveCfg = Release|Any CPU
		{439ADDAE-E36A-4858-A020-D97CDDA4DF17}.Release|Any CPU.Build.0 = Release|Any CPU
		{439ADDAE-E36A-4858-A020-D97CDDA4DF17}.Release|ARM.ActiveCfg = Release|Any CPU
		{439ADDAE-E36A-4858-A020-D97CDDA4DF17}.Release|ARM.Build.0 = Release|Any CPU
		{439ADDAE-E36A-4858-A020-D97CDDA4DF17}.Release|iPhone.ActiveCfg = Release|Any CPU
		{439ADDAE-E36A-4858-A020-D97CDDA4DF17}.Release|iPhone.Build.0 = Release|Any CPU
		{439ADDAE-E36A-4858-A020-D97CDDA4DF17}.Release|iPhoneSimulator.ActiveCfg = Release|Any CPU
		{439ADDAE-E36A-4858-A020-D97CDDA4DF17}.Release|iPhoneSimulator.Build.0 = Release|Any CPU
		{439ADDAE-E36A-4858-A020-D97CDDA4DF17}.Release|x64.ActiveCfg = Release|Any CPU
		{439ADDAE-E36A-4858-A020-D97CDDA4DF17}.Release|x64.Build.0 = Release|Any CPU
		{439ADDAE-E36A-4858-A020-D97CDDA4DF17}.Release|x86.ActiveCfg = Release|Any CPU
		{439ADDAE-E36A-4858-A020-D97CDDA4DF17}.Release|x86.Build.0 = Release|Any CPU
	EndGlobalSection
	GlobalSection(SolutionProperties) = preSolution
		HideSolutionNode = FALSE
	EndGlobalSection
	GlobalSection(NestedProjects) = preSolution
		{98248CE3-4317-4FB5-9F37-7AC19FEFDF1D} = {1500BFBD-3344-420D-A321-69B755C7930F}
		{367B4F1E-C7D4-432C-B767-59121E12C2BF} = {1500BFBD-3344-420D-A321-69B755C7930F}
		{5A77AD80-10E0-4093-9332-ECFB62D3342A} = {1500BFBD-3344-420D-A321-69B755C7930F}
		{AE6AFDCB-6945-48D4-9D5E-76D3EBB11C28} = {1500BFBD-3344-420D-A321-69B755C7930F}
		{F0365254-D93D-4178-8849-73A302EAF71E} = {86740496-055C-4713-8419-8A5AA73222D6}
		{439ADDAE-E36A-4858-A020-D97CDDA4DF17} = {B54E5FC0-74EA-4AB1-BFE5-0ACC8D08D15C}
	EndGlobalSection
EndGlobal
