
Microsoft Visual Studio Solution File, Format Version 12.00
# Visual Studio 14
VisualStudioVersion = 14.0.25123.0
MinimumVisualStudioVersion = 10.0.40219.1
Project("{FAE04EC0-301F-11D3-BF4B-00C04F79EFBC}") = "MyWeather", "MyWeather\MyWeather.csproj", "{5366CC83-65A3-4969-B883-3229108447E2}"
EndProject
Project("{FAE04EC0-301F-11D3-BF4B-00C04F79EFBC}") = "MyWeather.iOS", "MyWeather.iOS\MyWeather.iOS.csproj", "{7F106FBA-12E5-4D92-9F4C-38EAD1652E7E}"
EndProject
Project("{FAE04EC0-301F-11D3-BF4B-00C04F79EFBC}") = "MyWeather.Android", "MyWeather.Droid\MyWeather.Android.csproj", "{65B45A0F-D6D8-432F-B36D-D7D41675DC76}"
EndProject
Project("{FAE04EC0-301F-11D3-BF4B-00C04F79EFBC}") = "MyWeather.UWP", "MyWeather.UWP\MyWeather.UWP.csproj", "{E4A3F53C-2DB8-4962-B8E9-7B961B4D0EDC}"
EndProject
Global
	GlobalSection(SolutionConfigurationPlatforms) = preSolution
		Debug|Any CPU = Debug|Any CPU
		Debug|ARM = Debug|ARM
		Debug|iPhone = Debug|iPhone
		Debug|iPhoneSimulator = Debug|iPhoneSimulator
		Debug|x64 = Debug|x64
		Debug|x86 = Debug|x86
		Release|Any CPU = Release|Any CPU
		Release|ARM = Release|ARM
		Release|iPhone = Release|iPhone
		Release|iPhoneSimulator = Release|iPhoneSimulator
		Release|x64 = Release|x64
		Release|x86 = Release|x86
	EndGlobalSection
	GlobalSection(ProjectConfigurationPlatforms) = postSolution
		{5366CC83-65A3-4969-B883-3229108447E2}.Debug|Any CPU.ActiveCfg = Debug|Any CPU
		{5366CC83-65A3-4969-B883-3229108447E2}.Debug|Any CPU.Build.0 = Debug|Any CPU
		{5366CC83-65A3-4969-B883-3229108447E2}.Debug|ARM.ActiveCfg = Debug|Any CPU
		{5366CC83-65A3-4969-B883-3229108447E2}.Debug|ARM.Build.0 = Debug|Any CPU
		{5366CC83-65A3-4969-B883-3229108447E2}.Debug|iPhone.ActiveCfg = Debug|Any CPU
		{5366CC83-65A3-4969-B883-3229108447E2}.Debug|iPhone.Build.0 = Debug|Any CPU
		{5366CC83-65A3-4969-B883-3229108447E2}.Debug|iPhoneSimulator.ActiveCfg = Debug|Any CPU
		{5366CC83-65A3-4969-B883-3229108447E2}.Debug|iPhoneSimulator.Build.0 = Debug|Any CPU
		{5366CC83-65A3-4969-B883-3229108447E2}.Debug|x64.ActiveCfg = Debug|Any CPU
		{5366CC83-65A3-4969-B883-3229108447E2}.Debug|x64.Build.0 = Debug|Any CPU
		{5366CC83-65A3-4969-B883-3229108447E2}.Debug|x86.ActiveCfg = Debug|Any CPU
		{5366CC83-65A3-4969-B883-3229108447E2}.Debug|x86.Build.0 = Debug|Any CPU
		{5366CC83-65A3-4969-B883-3229108447E2}.Release|Any CPU.ActiveCfg = Release|Any CPU
		{5366CC83-65A3-4969-B883-3229108447E2}.Release|Any CPU.Build.0 = Release|Any CPU
		{5366CC83-65A3-4969-B883-3229108447E2}.Release|ARM.ActiveCfg = Release|Any CPU
		{5366CC83-65A3-4969-B883-3229108447E2}.Release|ARM.Build.0 = Release|Any CPU
		{5366CC83-65A3-4969-B883-3229108447E2}.Release|iPhone.ActiveCfg = Release|Any CPU
		{5366CC83-65A3-4969-B883-3229108447E2}.Release|iPhone.Build.0 = Release|Any CPU
		{5366CC83-65A3-4969-B883-3229108447E2}.Release|iPhoneSimulator.ActiveCfg = Release|Any CPU
		{5366CC83-65A3-4969-B883-3229108447E2}.Release|iPhoneSimulator.Build.0 = Release|Any CPU
		{5366CC83-65A3-4969-B883-3229108447E2}.Release|x64.ActiveCfg = Release|Any CPU
		{5366CC83-65A3-4969-B883-3229108447E2}.Release|x64.Build.0 = Release|Any CPU
		{5366CC83-65A3-4969-B883-3229108447E2}.Release|x86.ActiveCfg = Release|Any CPU
		{5366CC83-65A3-4969-B883-3229108447E2}.Release|x86.Build.0 = Release|Any CPU
		{7F106FBA-12E5-4D92-9F4C-38EAD1652E7E}.Debug|Any CPU.ActiveCfg = Debug|iPhoneSimulator
		{7F106FBA-12E5-4D92-9F4C-38EAD1652E7E}.Debug|Any CPU.Build.0 = Debug|iPhoneSimulator
		{7F106FBA-12E5-4D92-9F4C-38EAD1652E7E}.Debug|ARM.ActiveCfg = Debug|iPhone
		{7F106FBA-12E5-4D92-9F4C-38EAD1652E7E}.Debug|iPhone.ActiveCfg = Debug|iPhone
		{7F106FBA-12E5-4D92-9F4C-38EAD1652E7E}.Debug|iPhone.Build.0 = Debug|iPhone
		{7F106FBA-12E5-4D92-9F4C-38EAD1652E7E}.Debug|iPhoneSimulator.ActiveCfg = Debug|iPhoneSimulator
		{7F106FBA-12E5-4D92-9F4C-38EAD1652E7E}.Debug|iPhoneSimulator.Build.0 = Debug|iPhoneSimulator
		{7F106FBA-12E5-4D92-9F4C-38EAD1652E7E}.Debug|x64.ActiveCfg = Debug|iPhone
		{7F106FBA-12E5-4D92-9F4C-38EAD1652E7E}.Debug|x86.ActiveCfg = Debug|iPhone
		{7F106FBA-12E5-4D92-9F4C-38EAD1652E7E}.Release|Any CPU.ActiveCfg = Release|iPhone
		{7F106FBA-12E5-4D92-9F4C-38EAD1652E7E}.Release|ARM.ActiveCfg = Release|iPhone
		{7F106FBA-12E5-4D92-9F4C-38EAD1652E7E}.Release|iPhone.ActiveCfg = Release|iPhone
		{7F106FBA-12E5-4D92-9F4C-38EAD1652E7E}.Release|iPhone.Build.0 = Release|iPhone
		{7F106FBA-12E5-4D92-9F4C-38EAD1652E7E}.Release|iPhoneSimulator.ActiveCfg = Release|iPhoneSimulator
		{7F106FBA-12E5-4D92-9F4C-38EAD1652E7E}.Release|iPhoneSimulator.Build.0 = Release|iPhoneSimulator
		{7F106FBA-12E5-4D92-9F4C-38EAD1652E7E}.Release|x64.ActiveCfg = Release|iPhone
		{7F106FBA-12E5-4D92-9F4C-38EAD1652E7E}.Release|x86.ActiveCfg = Release|iPhone
		{65B45A0F-D6D8-432F-B36D-D7D41675DC76}.Debug|Any CPU.ActiveCfg = Debug|Any CPU
		{65B45A0F-D6D8-432F-B36D-D7D41675DC76}.Debug|Any CPU.Build.0 = Debug|Any CPU
		{65B45A0F-D6D8-432F-B36D-D7D41675DC76}.Debug|Any CPU.Deploy.0 = Debug|Any CPU
		{65B45A0F-D6D8-432F-B36D-D7D41675DC76}.Debug|ARM.ActiveCfg = Debug|Any CPU
		{65B45A0F-D6D8-432F-B36D-D7D41675DC76}.Debug|ARM.Build.0 = Debug|Any CPU
		{65B45A0F-D6D8-432F-B36D-D7D41675DC76}.Debug|ARM.Deploy.0 = Debug|Any CPU
		{65B45A0F-D6D8-432F-B36D-D7D41675DC76}.Debug|iPhone.ActiveCfg = Debug|Any CPU
		{65B45A0F-D6D8-432F-B36D-D7D41675DC76}.Debug|iPhone.Build.0 = Debug|Any CPU
		{65B45A0F-D6D8-432F-B36D-D7D41675DC76}.Debug|iPhone.Deploy.0 = Debug|Any CPU
		{65B45A0F-D6D8-432F-B36D-D7D41675DC76}.Debug|iPhoneSimulator.ActiveCfg = Debug|Any CPU
		{65B45A0F-D6D8-432F-B36D-D7D41675DC76}.Debug|iPhoneSimulator.Build.0 = Debug|Any CPU
		{65B45A0F-D6D8-432F-B36D-D7D41675DC76}.Debug|iPhoneSimulator.Deploy.0 = Debug|Any CPU
		{65B45A0F-D6D8-432F-B36D-D7D41675DC76}.Debug|x64.ActiveCfg = Debug|Any CPU
		{65B45A0F-D6D8-432F-B36D-D7D41675DC76}.Debug|x64.Build.0 = Debug|Any CPU
		{65B45A0F-D6D8-432F-B36D-D7D41675DC76}.Debug|x64.Deploy.0 = Debug|Any CPU
		{65B45A0F-D6D8-432F-B36D-D7D41675DC76}.Debug|x86.ActiveCfg = Debug|Any CPU
		{65B45A0F-D6D8-432F-B36D-D7D41675DC76}.Debug|x86.Build.0 = Debug|Any CPU
		{65B45A0F-D6D8-432F-B36D-D7D41675DC76}.Debug|x86.Deploy.0 = Debug|Any CPU
		{65B45A0F-D6D8-432F-B36D-D7D41675DC76}.Release|Any CPU.ActiveCfg = Release|Any CPU
		{65B45A0F-D6D8-432F-B36D-D7D41675DC76}.Release|Any CPU.Build.0 = Release|Any CPU
		{65B45A0F-D6D8-432F-B36D-D7D41675DC76}.Release|Any CPU.Deploy.0 = Release|Any CPU
		{65B45A0F-D6D8-432F-B36D-D7D41675DC76}.Release|ARM.ActiveCfg = Release|Any CPU
		{65B45A0F-D6D8-432F-B36D-D7D41675DC76}.Release|ARM.Build.0 = Release|Any CPU
		{65B45A0F-D6D8-432F-B36D-D7D41675DC76}.Release|ARM.Deploy.0 = Release|Any CPU
		{65B45A0F-D6D8-432F-B36D-D7D41675DC76}.Release|iPhone.ActiveCfg = Release|Any CPU
		{65B45A0F-D6D8-432F-B36D-D7D41675DC76}.Release|iPhone.Build.0 = Release|Any CPU
		{65B45A0F-D6D8-432F-B36D-D7D41675DC76}.Release|iPhone.Deploy.0 = Release|Any CPU
		{65B45A0F-D6D8-432F-B36D-D7D41675DC76}.Release|iPhoneSimulator.ActiveCfg = Release|Any CPU
		{65B45A0F-D6D8-432F-B36D-D7D41675DC76}.Release|iPhoneSimulator.Build.0 = Release|Any CPU
		{65B45A0F-D6D8-432F-B36D-D7D41675DC76}.Release|iPhoneSimulator.Deploy.0 = Release|Any CPU
		{65B45A0F-D6D8-432F-B36D-D7D41675DC76}.Release|x64.ActiveCfg = Release|Any CPU
		{65B45A0F-D6D8-432F-B36D-D7D41675DC76}.Release|x64.Build.0 = Release|Any CPU
		{65B45A0F-D6D8-432F-B36D-D7D41675DC76}.Release|x64.Deploy.0 = Release|Any CPU
		{65B45A0F-D6D8-432F-B36D-D7D41675DC76}.Release|x86.ActiveCfg = Release|Any CPU
		{65B45A0F-D6D8-432F-B36D-D7D41675DC76}.Release|x86.Build.0 = Release|Any CPU
		{65B45A0F-D6D8-432F-B36D-D7D41675DC76}.Release|x86.Deploy.0 = Release|Any CPU
		{E4A3F53C-2DB8-4962-B8E9-7B961B4D0EDC}.Debug|Any CPU.ActiveCfg = Debug|x86
		{E4A3F53C-2DB8-4962-B8E9-7B961B4D0EDC}.Debug|Any CPU.Build.0 = Debug|x86
		{E4A3F53C-2DB8-4962-B8E9-7B961B4D0EDC}.Debug|Any CPU.Deploy.0 = Debug|x86
		{E4A3F53C-2DB8-4962-B8E9-7B961B4D0EDC}.Debug|ARM.ActiveCfg = Debug|ARM
		{E4A3F53C-2DB8-4962-B8E9-7B961B4D0EDC}.Debug|ARM.Build.0 = Debug|ARM
		{E4A3F53C-2DB8-4962-B8E9-7B961B4D0EDC}.Debug|ARM.Deploy.0 = Debug|ARM
		{E4A3F53C-2DB8-4962-B8E9-7B961B4D0EDC}.Debug|iPhone.ActiveCfg = Debug|x86
		{E4A3F53C-2DB8-4962-B8E9-7B961B4D0EDC}.Debug|iPhoneSimulator.ActiveCfg = Debug|x86
		{E4A3F53C-2DB8-4962-B8E9-7B961B4D0EDC}.Debug|iPhoneSimulator.Build.0 = Debug|x86
		{E4A3F53C-2DB8-4962-B8E9-7B961B4D0EDC}.Debug|iPhoneSimulator.Deploy.0 = Debug|x86
		{E4A3F53C-2DB8-4962-B8E9-7B961B4D0EDC}.Debug|x64.ActiveCfg = Debug|x64
		{E4A3F53C-2DB8-4962-B8E9-7B961B4D0EDC}.Debug|x64.Build.0 = Debug|x64
		{E4A3F53C-2DB8-4962-B8E9-7B961B4D0EDC}.Debug|x64.Deploy.0 = Debug|x64
		{E4A3F53C-2DB8-4962-B8E9-7B961B4D0EDC}.Debug|x86.ActiveCfg = Debug|x86
		{E4A3F53C-2DB8-4962-B8E9-7B961B4D0EDC}.Debug|x86.Build.0 = Debug|x86
		{E4A3F53C-2DB8-4962-B8E9-7B961B4D0EDC}.Debug|x86.Deploy.0 = Debug|x86
		{E4A3F53C-2DB8-4962-B8E9-7B961B4D0EDC}.Release|Any CPU.ActiveCfg = Release|x86
		{E4A3F53C-2DB8-4962-B8E9-7B961B4D0EDC}.Release|Any CPU.Build.0 = Release|x86
		{E4A3F53C-2DB8-4962-B8E9-7B961B4D0EDC}.Release|Any CPU.Deploy.0 = Release|x86
		{E4A3F53C-2DB8-4962-B8E9-7B961B4D0EDC}.Release|ARM.ActiveCfg = Release|ARM
		{E4A3F53C-2DB8-4962-B8E9-7B961B4D0EDC}.Release|ARM.Build.0 = Release|ARM
		{E4A3F53C-2DB8-4962-B8E9-7B961B4D0EDC}.Release|ARM.Deploy.0 = Release|ARM
		{E4A3F53C-2DB8-4962-B8E9-7B961B4D0EDC}.Release|iPhone.ActiveCfg = Release|x86
		{E4A3F53C-2DB8-4962-B8E9-7B961B4D0EDC}.Release|iPhoneSimulator.ActiveCfg = Release|x86
		{E4A3F53C-2DB8-4962-B8E9-7B961B4D0EDC}.Release|x64.ActiveCfg = Release|x64
		{E4A3F53C-2DB8-4962-B8E9-7B961B4D0EDC}.Release|x64.Build.0 = Release|x64
		{E4A3F53C-2DB8-4962-B8E9-7B961B4D0EDC}.Release|x64.Deploy.0 = Release|x64
		{E4A3F53C-2DB8-4962-B8E9-7B961B4D0EDC}.Release|x86.ActiveCfg = Release|x86
		{E4A3F53C-2DB8-4962-B8E9-7B961B4D0EDC}.Release|x86.Build.0 = Release|x86
		{E4A3F53C-2DB8-4962-B8E9-7B961B4D0EDC}.Release|x86.Deploy.0 = Release|x86
	EndGlobalSection
	GlobalSection(SolutionProperties) = preSolution
		HideSolutionNode = FALSE
	EndGlobalSection
EndGlobal
