
Microsoft Visual Studio Solution File, Format Version 12.00
# Visual Studio 2013
VisualStudioVersion = 12.0.30723.0
MinimumVisualStudioVersion = 10.0.40219.1
Project("{FAE04EC0-301F-11D3-BF4B-00C04F79EFBC}") = "MyWeather", "MyWeather\MyWeather\MyWeather.csproj", "{94329F87-C05E-4C93-A716-5E11B876811E}"
EndProject
Project("{FAE04EC0-301F-11D3-BF4B-00C04F79EFBC}") = "MyWeather.iOS", "MyWeather\MyWeather.iOS\MyWeather.iOS.csproj", "{CD4A0DB1-7D99-48B5-955E-06B2923F3745}"
EndProject
Project("{FAE04EC0-301F-11D3-BF4B-00C04F79EFBC}") = "MyWeather.Droid", "MyWeather\MyWeather.Droid\MyWeather.Droid.csproj", "{C0578B30-CC73-4EB1-BDF8-7F96481B5159}"
EndProject
Project("{FAE04EC0-301F-11D3-BF4B-00C04F79EFBC}") = "MyWeather.WinPhone", "MyWeather\MyWeather.WinPhone\MyWeather.WinPhone.csproj", "{83F9B393-BB2D-48BA-A6A5-761E8905A23D}"
EndProject
Global
	GlobalSection(SolutionConfigurationPlatforms) = preSolution
		Ad-Hoc|Any CPU = Ad-Hoc|Any CPU
		Ad-Hoc|ARM = Ad-Hoc|ARM
		Ad-Hoc|iPhone = Ad-Hoc|iPhone
		Ad-Hoc|iPhoneSimulator = Ad-Hoc|iPhoneSimulator
		Ad-Hoc|Mixed Platforms = Ad-Hoc|Mixed Platforms
		Ad-Hoc|x86 = Ad-Hoc|x86
		AppStore|Any CPU = AppStore|Any CPU
		AppStore|ARM = AppStore|ARM
		AppStore|iPhone = AppStore|iPhone
		AppStore|iPhoneSimulator = AppStore|iPhoneSimulator
		AppStore|Mixed Platforms = AppStore|Mixed Platforms
		AppStore|x86 = AppStore|x86
		Debug|Any CPU = Debug|Any CPU
		Debug|ARM = Debug|ARM
		Debug|iPhone = Debug|iPhone
		Debug|iPhoneSimulator = Debug|iPhoneSimulator
		Debug|Mixed Platforms = Debug|Mixed Platforms
		Debug|x86 = Debug|x86
		Release|Any CPU = Release|Any CPU
		Release|ARM = Release|ARM
		Release|iPhone = Release|iPhone
		Release|iPhoneSimulator = Release|iPhoneSimulator
		Release|Mixed Platforms = Release|Mixed Platforms
		Release|x86 = Release|x86
	EndGlobalSection
	GlobalSection(ProjectConfigurationPlatforms) = postSolution
		{94329F87-C05E-4C93-A716-5E11B876811E}.Ad-Hoc|Any CPU.ActiveCfg = Release|Any CPU
		{94329F87-C05E-4C93-A716-5E11B876811E}.Ad-Hoc|Any CPU.Build.0 = Release|Any CPU
		{94329F87-C05E-4C93-A716-5E11B876811E}.Ad-Hoc|ARM.ActiveCfg = Release|Any CPU
		{94329F87-C05E-4C93-A716-5E11B876811E}.Ad-Hoc|iPhone.ActiveCfg = Release|Any CPU
		{94329F87-C05E-4C93-A716-5E11B876811E}.Ad-Hoc|iPhoneSimulator.ActiveCfg = Release|Any CPU
		{94329F87-C05E-4C93-A716-5E11B876811E}.Ad-Hoc|Mixed Platforms.ActiveCfg = Release|Any CPU
		{94329F87-C05E-4C93-A716-5E11B876811E}.Ad-Hoc|Mixed Platforms.Build.0 = Release|Any CPU
		{94329F87-C05E-4C93-A716-5E11B876811E}.Ad-Hoc|x86.ActiveCfg = Release|Any CPU
		{94329F87-C05E-4C93-A716-5E11B876811E}.AppStore|Any CPU.ActiveCfg = Release|Any CPU
		{94329F87-C05E-4C93-A716-5E11B876811E}.AppStore|Any CPU.Build.0 = Release|Any CPU
		{94329F87-C05E-4C93-A716-5E11B876811E}.AppStore|ARM.ActiveCfg = Release|Any CPU
		{94329F87-C05E-4C93-A716-5E11B876811E}.AppStore|iPhone.ActiveCfg = Release|Any CPU
		{94329F87-C05E-4C93-A716-5E11B876811E}.AppStore|iPhoneSimulator.ActiveCfg = Release|Any CPU
		{94329F87-C05E-4C93-A716-5E11B876811E}.AppStore|Mixed Platforms.ActiveCfg = Release|Any CPU
		{94329F87-C05E-4C93-A716-5E11B876811E}.AppStore|Mixed Platforms.Build.0 = Release|Any CPU
		{94329F87-C05E-4C93-A716-5E11B876811E}.AppStore|x86.ActiveCfg = Release|Any CPU
		{94329F87-C05E-4C93-A716-5E11B876811E}.Debug|Any CPU.ActiveCfg = Debug|Any CPU
		{94329F87-C05E-4C93-A716-5E11B876811E}.Debug|Any CPU.Build.0 = Debug|Any CPU
		{94329F87-C05E-4C93-A716-5E11B876811E}.Debug|ARM.ActiveCfg = Debug|Any CPU
		{94329F87-C05E-4C93-A716-5E11B876811E}.Debug|iPhone.ActiveCfg = Debug|Any CPU
		{94329F87-C05E-4C93-A716-5E11B876811E}.Debug|iPhoneSimulator.ActiveCfg = Debug|Any CPU
		{94329F87-C05E-4C93-A716-5E11B876811E}.Debug|iPhoneSimulator.Build.0 = Debug|Any CPU
		{94329F87-C05E-4C93-A716-5E11B876811E}.Debug|Mixed Platforms.ActiveCfg = Debug|Any CPU
		{94329F87-C05E-4C93-A716-5E11B876811E}.Debug|Mixed Platforms.Build.0 = Debug|Any CPU
		{94329F87-C05E-4C93-A716-5E11B876811E}.Debug|x86.ActiveCfg = Debug|Any CPU
		{94329F87-C05E-4C93-A716-5E11B876811E}.Release|Any CPU.ActiveCfg = Release|Any CPU
		{94329F87-C05E-4C93-A716-5E11B876811E}.Release|Any CPU.Build.0 = Release|Any CPU
		{94329F87-C05E-4C93-A716-5E11B876811E}.Release|ARM.ActiveCfg = Release|Any CPU
		{94329F87-C05E-4C93-A716-5E11B876811E}.Release|iPhone.ActiveCfg = Release|Any CPU
		{94329F87-C05E-4C93-A716-5E11B876811E}.Release|iPhoneSimulator.ActiveCfg = Release|Any CPU
		{94329F87-C05E-4C93-A716-5E11B876811E}.Release|Mixed Platforms.ActiveCfg = Release|Any CPU
		{94329F87-C05E-4C93-A716-5E11B876811E}.Release|Mixed Platforms.Build.0 = Release|Any CPU
		{94329F87-C05E-4C93-A716-5E11B876811E}.Release|x86.ActiveCfg = Release|Any CPU
		{CD4A0DB1-7D99-48B5-955E-06B2923F3745}.Ad-Hoc|Any CPU.ActiveCfg = Ad-Hoc|iPhone
		{CD4A0DB1-7D99-48B5-955E-06B2923F3745}.Ad-Hoc|ARM.ActiveCfg = Ad-Hoc|iPhone
		{CD4A0DB1-7D99-48B5-955E-06B2923F3745}.Ad-Hoc|iPhone.ActiveCfg = Ad-Hoc|iPhone
		{CD4A0DB1-7D99-48B5-955E-06B2923F3745}.Ad-Hoc|iPhone.Build.0 = Ad-Hoc|iPhone
		{CD4A0DB1-7D99-48B5-955E-06B2923F3745}.Ad-Hoc|iPhoneSimulator.ActiveCfg = Ad-Hoc|iPhoneSimulator
		{CD4A0DB1-7D99-48B5-955E-06B2923F3745}.Ad-Hoc|iPhoneSimulator.Build.0 = Ad-Hoc|iPhoneSimulator
		{CD4A0DB1-7D99-48B5-955E-06B2923F3745}.Ad-Hoc|Mixed Platforms.ActiveCfg = Ad-Hoc|iPhone
		{CD4A0DB1-7D99-48B5-955E-06B2923F3745}.Ad-Hoc|Mixed Platforms.Build.0 = Ad-Hoc|iPhone
		{CD4A0DB1-7D99-48B5-955E-06B2923F3745}.Ad-Hoc|x86.ActiveCfg = Ad-Hoc|iPhone
		{CD4A0DB1-7D99-48B5-955E-06B2923F3745}.AppStore|Any CPU.ActiveCfg = AppStore|iPhone
		{CD4A0DB1-7D99-48B5-955E-06B2923F3745}.AppStore|ARM.ActiveCfg = AppStore|iPhone
		{CD4A0DB1-7D99-48B5-955E-06B2923F3745}.AppStore|iPhone.ActiveCfg = AppStore|iPhone
		{CD4A0DB1-7D99-48B5-955E-06B2923F3745}.AppStore|iPhone.Build.0 = AppStore|iPhone
		{CD4A0DB1-7D99-48B5-955E-06B2923F3745}.AppStore|iPhoneSimulator.ActiveCfg = AppStore|iPhoneSimulator
		{CD4A0DB1-7D99-48B5-955E-06B2923F3745}.AppStore|iPhoneSimulator.Build.0 = AppStore|iPhoneSimulator
		{CD4A0DB1-7D99-48B5-955E-06B2923F3745}.AppStore|Mixed Platforms.ActiveCfg = AppStore|iPhone
		{CD4A0DB1-7D99-48B5-955E-06B2923F3745}.AppStore|Mixed Platforms.Build.0 = AppStore|iPhone
		{CD4A0DB1-7D99-48B5-955E-06B2923F3745}.AppStore|x86.ActiveCfg = AppStore|iPhone
		{CD4A0DB1-7D99-48B5-955E-06B2923F3745}.Debug|Any CPU.ActiveCfg = Debug|iPhone
		{CD4A0DB1-7D99-48B5-955E-06B2923F3745}.Debug|Any CPU.Build.0 = Debug|iPhone
		{CD4A0DB1-7D99-48B5-955E-06B2923F3745}.Debug|ARM.ActiveCfg = Debug|iPhone
		{CD4A0DB1-7D99-48B5-955E-06B2923F3745}.Debug|iPhone.ActiveCfg = Debug|iPhone
		{CD4A0DB1-7D99-48B5-955E-06B2923F3745}.Debug|iPhone.Build.0 = Debug|iPhone
		{CD4A0DB1-7D99-48B5-955E-06B2923F3745}.Debug|iPhoneSimulator.ActiveCfg = Debug|iPhoneSimulator
		{CD4A0DB1-7D99-48B5-955E-06B2923F3745}.Debug|iPhoneSimulator.Build.0 = Debug|iPhoneSimulator
		{CD4A0DB1-7D99-48B5-955E-06B2923F3745}.Debug|Mixed Platforms.ActiveCfg = Debug|iPhone
		{CD4A0DB1-7D99-48B5-955E-06B2923F3745}.Debug|Mixed Platforms.Build.0 = Debug|iPhone
		{CD4A0DB1-7D99-48B5-955E-06B2923F3745}.Debug|x86.ActiveCfg = Debug|iPhone
		{CD4A0DB1-7D99-48B5-955E-06B2923F3745}.Release|Any CPU.ActiveCfg = Release|iPhone
		{CD4A0DB1-7D99-48B5-955E-06B2923F3745}.Release|ARM.ActiveCfg = Release|iPhone
		{CD4A0DB1-7D99-48B5-955E-06B2923F3745}.Release|iPhone.ActiveCfg = Release|iPhone
		{CD4A0DB1-7D99-48B5-955E-06B2923F3745}.Release|iPhone.Build.0 = Release|iPhone
		{CD4A0DB1-7D99-48B5-955E-06B2923F3745}.Release|iPhoneSimulator.ActiveCfg = Release|iPhoneSimulator
		{CD4A0DB1-7D99-48B5-955E-06B2923F3745}.Release|iPhoneSimulator.Build.0 = Release|iPhoneSimulator
		{CD4A0DB1-7D99-48B5-955E-06B2923F3745}.Release|Mixed Platforms.ActiveCfg = Release|iPhone
		{CD4A0DB1-7D99-48B5-955E-06B2923F3745}.Release|Mixed Platforms.Build.0 = Release|iPhone
		{CD4A0DB1-7D99-48B5-955E-06B2923F3745}.Release|x86.ActiveCfg = Release|iPhone
		{C0578B30-CC73-4EB1-BDF8-7F96481B5159}.Ad-Hoc|Any CPU.ActiveCfg = Release|Any CPU
		{C0578B30-CC73-4EB1-BDF8-7F96481B5159}.Ad-Hoc|Any CPU.Build.0 = Release|Any CPU
		{C0578B30-CC73-4EB1-BDF8-7F96481B5159}.Ad-Hoc|Any CPU.Deploy.0 = Release|Any CPU
		{C0578B30-CC73-4EB1-BDF8-7F96481B5159}.Ad-Hoc|ARM.ActiveCfg = Release|Any CPU
		{C0578B30-CC73-4EB1-BDF8-7F96481B5159}.Ad-Hoc|iPhone.ActiveCfg = Release|Any CPU
		{C0578B30-CC73-4EB1-BDF8-7F96481B5159}.Ad-Hoc|iPhoneSimulator.ActiveCfg = Release|Any CPU
		{C0578B30-CC73-4EB1-BDF8-7F96481B5159}.Ad-Hoc|Mixed Platforms.ActiveCfg = Release|Any CPU
		{C0578B30-CC73-4EB1-BDF8-7F96481B5159}.Ad-Hoc|Mixed Platforms.Build.0 = Release|Any CPU
		{C0578B30-CC73-4EB1-BDF8-7F96481B5159}.Ad-Hoc|Mixed Platforms.Deploy.0 = Release|Any CPU
		{C0578B30-CC73-4EB1-BDF8-7F96481B5159}.Ad-Hoc|x86.ActiveCfg = Release|Any CPU
		{C0578B30-CC73-4EB1-BDF8-7F96481B5159}.AppStore|Any CPU.ActiveCfg = Release|Any CPU
		{C0578B30-CC73-4EB1-BDF8-7F96481B5159}.AppStore|Any CPU.Build.0 = Release|Any CPU
		{C0578B30-CC73-4EB1-BDF8-7F96481B5159}.AppStore|Any CPU.Deploy.0 = Release|Any CPU
		{C0578B30-CC73-4EB1-BDF8-7F96481B5159}.AppStore|ARM.ActiveCfg = Release|Any CPU
		{C0578B30-CC73-4EB1-BDF8-7F96481B5159}.AppStore|iPhone.ActiveCfg = Release|Any CPU
		{C0578B30-CC73-4EB1-BDF8-7F96481B5159}.AppStore|iPhoneSimulator.ActiveCfg = Release|Any CPU
		{C0578B30-CC73-4EB1-BDF8-7F96481B5159}.AppStore|Mixed Platforms.ActiveCfg = Release|Any CPU
		{C0578B30-CC73-4EB1-BDF8-7F96481B5159}.AppStore|Mixed Platforms.Build.0 = Release|Any CPU
		{C0578B30-CC73-4EB1-BDF8-7F96481B5159}.AppStore|Mixed Platforms.Deploy.0 = Release|Any CPU
		{C0578B30-CC73-4EB1-BDF8-7F96481B5159}.AppStore|x86.ActiveCfg = Release|Any CPU
		{C0578B30-CC73-4EB1-BDF8-7F96481B5159}.Debug|Any CPU.ActiveCfg = Debug|Any CPU
		{C0578B30-CC73-4EB1-BDF8-7F96481B5159}.Debug|Any CPU.Build.0 = Debug|Any CPU
		{C0578B30-CC73-4EB1-BDF8-7F96481B5159}.Debug|Any CPU.Deploy.0 = Debug|Any CPU
		{C0578B30-CC73-4EB1-BDF8-7F96481B5159}.Debug|ARM.ActiveCfg = Debug|Any CPU
		{C0578B30-CC73-4EB1-BDF8-7F96481B5159}.Debug|iPhone.ActiveCfg = Debug|Any CPU
		{C0578B30-CC73-4EB1-BDF8-7F96481B5159}.Debug|iPhoneSimulator.ActiveCfg = Debug|Any CPU
		{C0578B30-CC73-4EB1-BDF8-7F96481B5159}.Debug|Mixed Platforms.ActiveCfg = Debug|Any CPU
		{C0578B30-CC73-4EB1-BDF8-7F96481B5159}.Debug|Mixed Platforms.Build.0 = Debug|Any CPU
		{C0578B30-CC73-4EB1-BDF8-7F96481B5159}.Debug|Mixed Platforms.Deploy.0 = Debug|Any CPU
		{C0578B30-CC73-4EB1-BDF8-7F96481B5159}.Debug|x86.ActiveCfg = Debug|Any CPU
		{C0578B30-CC73-4EB1-BDF8-7F96481B5159}.Release|Any CPU.ActiveCfg = Release|Any CPU
		{C0578B30-CC73-4EB1-BDF8-7F96481B5159}.Release|Any CPU.Build.0 = Release|Any CPU
		{C0578B30-CC73-4EB1-BDF8-7F96481B5159}.Release|Any CPU.Deploy.0 = Release|Any CPU
		{C0578B30-CC73-4EB1-BDF8-7F96481B5159}.Release|ARM.ActiveCfg = Release|Any CPU
		{C0578B30-CC73-4EB1-BDF8-7F96481B5159}.Release|iPhone.ActiveCfg = Release|Any CPU
		{C0578B30-CC73-4EB1-BDF8-7F96481B5159}.Release|iPhoneSimulator.ActiveCfg = Release|Any CPU
		{C0578B30-CC73-4EB1-BDF8-7F96481B5159}.Release|Mixed Platforms.ActiveCfg = Release|Any CPU
		{C0578B30-CC73-4EB1-BDF8-7F96481B5159}.Release|Mixed Platforms.Build.0 = Release|Any CPU
		{C0578B30-CC73-4EB1-BDF8-7F96481B5159}.Release|Mixed Platforms.Deploy.0 = Release|Any CPU
		{C0578B30-CC73-4EB1-BDF8-7F96481B5159}.Release|x86.ActiveCfg = Release|Any CPU
		{83F9B393-BB2D-48BA-A6A5-761E8905A23D}.Ad-Hoc|Any CPU.ActiveCfg = Release|Any CPU
		{83F9B393-BB2D-48BA-A6A5-761E8905A23D}.Ad-Hoc|Any CPU.Build.0 = Release|Any CPU
		{83F9B393-BB2D-48BA-A6A5-761E8905A23D}.Ad-Hoc|Any CPU.Deploy.0 = Release|Any CPU
		{83F9B393-BB2D-48BA-A6A5-761E8905A23D}.Ad-Hoc|ARM.ActiveCfg = Release|ARM
		{83F9B393-BB2D-48BA-A6A5-761E8905A23D}.Ad-Hoc|ARM.Build.0 = Release|ARM
		{83F9B393-BB2D-48BA-A6A5-761E8905A23D}.Ad-Hoc|ARM.Deploy.0 = Release|ARM
		{83F9B393-BB2D-48BA-A6A5-761E8905A23D}.Ad-Hoc|iPhone.ActiveCfg = Release|Any CPU
		{83F9B393-BB2D-48BA-A6A5-761E8905A23D}.Ad-Hoc|iPhoneSimulator.ActiveCfg = Release|Any CPU
		{83F9B393-BB2D-48BA-A6A5-761E8905A23D}.Ad-Hoc|Mixed Platforms.ActiveCfg = Release|x86
		{83F9B393-BB2D-48BA-A6A5-761E8905A23D}.Ad-Hoc|Mixed Platforms.Build.0 = Release|x86
		{83F9B393-BB2D-48BA-A6A5-761E8905A23D}.Ad-Hoc|Mixed Platforms.Deploy.0 = Release|x86
		{83F9B393-BB2D-48BA-A6A5-761E8905A23D}.Ad-Hoc|x86.ActiveCfg = Release|x86
		{83F9B393-BB2D-48BA-A6A5-761E8905A23D}.Ad-Hoc|x86.Build.0 = Release|x86
		{83F9B393-BB2D-48BA-A6A5-761E8905A23D}.Ad-Hoc|x86.Deploy.0 = Release|x86
		{83F9B393-BB2D-48BA-A6A5-761E8905A23D}.AppStore|Any CPU.ActiveCfg = Release|Any CPU
		{83F9B393-BB2D-48BA-A6A5-761E8905A23D}.AppStore|Any CPU.Build.0 = Release|Any CPU
		{83F9B393-BB2D-48BA-A6A5-761E8905A23D}.AppStore|Any CPU.Deploy.0 = Release|Any CPU
		{83F9B393-BB2D-48BA-A6A5-761E8905A23D}.AppStore|ARM.ActiveCfg = Release|ARM
		{83F9B393-BB2D-48BA-A6A5-761E8905A23D}.AppStore|ARM.Build.0 = Release|ARM
		{83F9B393-BB2D-48BA-A6A5-761E8905A23D}.AppStore|ARM.Deploy.0 = Release|ARM
		{83F9B393-BB2D-48BA-A6A5-761E8905A23D}.AppStore|iPhone.ActiveCfg = Release|Any CPU
		{83F9B393-BB2D-48BA-A6A5-761E8905A23D}.AppStore|iPhoneSimulator.ActiveCfg = Release|Any CPU
		{83F9B393-BB2D-48BA-A6A5-761E8905A23D}.AppStore|Mixed Platforms.ActiveCfg = Release|x86
		{83F9B393-BB2D-48BA-A6A5-761E8905A23D}.AppStore|Mixed Platforms.Build.0 = Release|x86
		{83F9B393-BB2D-48BA-A6A5-761E8905A23D}.AppStore|Mixed Platforms.Deploy.0 = Release|x86
		{83F9B393-BB2D-48BA-A6A5-761E8905A23D}.AppStore|x86.ActiveCfg = Release|x86
		{83F9B393-BB2D-48BA-A6A5-761E8905A23D}.AppStore|x86.Build.0 = Release|x86
		{83F9B393-BB2D-48BA-A6A5-761E8905A23D}.AppStore|x86.Deploy.0 = Release|x86
		{83F9B393-BB2D-48BA-A6A5-761E8905A23D}.Debug|Any CPU.ActiveCfg = Debug|Any CPU
		{83F9B393-BB2D-48BA-A6A5-761E8905A23D}.Debug|Any CPU.Build.0 = Debug|Any CPU
		{83F9B393-BB2D-48BA-A6A5-761E8905A23D}.Debug|Any CPU.Deploy.0 = Debug|Any CPU
		{83F9B393-BB2D-48BA-A6A5-761E8905A23D}.Debug|ARM.ActiveCfg = Debug|ARM
		{83F9B393-BB2D-48BA-A6A5-761E8905A23D}.Debug|ARM.Build.0 = Debug|ARM
		{83F9B393-BB2D-48BA-A6A5-761E8905A23D}.Debug|ARM.Deploy.0 = Debug|ARM
		{83F9B393-BB2D-48BA-A6A5-761E8905A23D}.Debug|iPhone.ActiveCfg = Debug|Any CPU
		{83F9B393-BB2D-48BA-A6A5-761E8905A23D}.Debug|iPhoneSimulator.ActiveCfg = Debug|Any CPU
		{83F9B393-BB2D-48BA-A6A5-761E8905A23D}.Debug|Mixed Platforms.ActiveCfg = Debug|x86
		{83F9B393-BB2D-48BA-A6A5-761E8905A23D}.Debug|Mixed Platforms.Build.0 = Debug|x86
		{83F9B393-BB2D-48BA-A6A5-761E8905A23D}.Debug|Mixed Platforms.Deploy.0 = Debug|x86
		{83F9B393-BB2D-48BA-A6A5-761E8905A23D}.Debug|x86.ActiveCfg = Debug|x86
		{83F9B393-BB2D-48BA-A6A5-761E8905A23D}.Debug|x86.Build.0 = Debug|x86
		{83F9B393-BB2D-48BA-A6A5-761E8905A23D}.Debug|x86.Deploy.0 = Debug|x86
		{83F9B393-BB2D-48BA-A6A5-761E8905A23D}.Release|Any CPU.ActiveCfg = Release|Any CPU
		{83F9B393-BB2D-48BA-A6A5-761E8905A23D}.Release|Any CPU.Build.0 = Release|Any CPU
		{83F9B393-BB2D-48BA-A6A5-761E8905A23D}.Release|Any CPU.Deploy.0 = Release|Any CPU
		{83F9B393-BB2D-48BA-A6A5-761E8905A23D}.Release|ARM.ActiveCfg = Release|ARM
		{83F9B393-BB2D-48BA-A6A5-761E8905A23D}.Release|ARM.Build.0 = Release|ARM
		{83F9B393-BB2D-48BA-A6A5-761E8905A23D}.Release|ARM.Deploy.0 = Release|ARM
		{83F9B393-BB2D-48BA-A6A5-761E8905A23D}.Release|iPhone.ActiveCfg = Release|Any CPU
		{83F9B393-BB2D-48BA-A6A5-761E8905A23D}.Release|iPhoneSimulator.ActiveCfg = Release|Any CPU
		{83F9B393-BB2D-48BA-A6A5-761E8905A23D}.Release|Mixed Platforms.ActiveCfg = Release|x86
		{83F9B393-BB2D-48BA-A6A5-761E8905A23D}.Release|Mixed Platforms.Build.0 = Release|x86
		{83F9B393-BB2D-48BA-A6A5-761E8905A23D}.Release|Mixed Platforms.Deploy.0 = Release|x86
		{83F9B393-BB2D-48BA-A6A5-761E8905A23D}.Release|x86.ActiveCfg = Release|x86
		{83F9B393-BB2D-48BA-A6A5-761E8905A23D}.Release|x86.Build.0 = Release|x86
		{83F9B393-BB2D-48BA-A6A5-761E8905A23D}.Release|x86.Deploy.0 = Release|x86
	EndGlobalSection
	GlobalSection(SolutionProperties) = preSolution
		HideSolutionNode = FALSE
	EndGlobalSection
EndGlobal
