
Microsoft Visual Studio Solution File, Format Version 12.00
# Visual Studio 2013
VisualStudioVersion = 12.0.30723.0
MinimumVisualStudioVersion = 10.0.40219.1
Project("{FAE04EC0-301F-11D3-BF4B-00C04F79EFBC}") = "TwitterSearch.Portable", "TwitterSearch.Portable\TwitterSearch.Portable.csproj", "{5C68AA4A-723D-48A1-9F8D-08DED42AB85C}"
EndProject
Project("{FAE04EC0-301F-11D3-BF4B-00C04F79EFBC}") = "TwitterSearch.Droid", "TwitterSearch.Droid\TwitterSearch.Droid.csproj", "{06DFFD64-5609-489E-A719-7A37C697581F}"
EndProject
Project("{2150E333-8FDC-42A3-9474-1A3956D46DE8}") = "OtherTargets", "OtherTargets", "{29049C8C-0830-4D6D-8006-56FE818418F2}"
EndProject
Project("{FAE04EC0-301F-11D3-BF4B-00C04F79EFBC}") = "TwitterSearch.WindowsPhone", "TwitterSearch.WindowsPhone\TwitterSearch.WindowsPhone.csproj", "{EC9DBF88-93FD-41D9-B7D2-4A1517948312}"
EndProject
Project("{FAE04EC0-301F-11D3-BF4B-00C04F79EFBC}") = "TwitterSearch.iOS", "TwitterSearch.iOS\TwitterSearch.iOS.csproj", "{4AD8283E-7936-4EE9-BDC5-D6F5F06C3251}"
EndProject
Project("{FAE04EC0-301F-11D3-BF4B-00C04F79EFBC}") = "TwitterSearch.WPF", "TwitterSearch.WPF\TwitterSearch.WPF.csproj", "{5B14EA28-EC89-4576-AA99-B17793E06835}"
EndProject
Global
	GlobalSection(SolutionConfigurationPlatforms) = preSolution
		Ad-Hoc|Any CPU = Ad-Hoc|Any CPU
		Ad-Hoc|ARM = Ad-Hoc|ARM
		Ad-Hoc|iPhone = Ad-Hoc|iPhone
		Ad-Hoc|iPhoneSimulator = Ad-Hoc|iPhoneSimulator
		Ad-Hoc|Mixed Platforms = Ad-Hoc|Mixed Platforms
		Ad-Hoc|x86 = Ad-Hoc|x86
		AppStore|Any CPU = AppStore|Any CPU
		AppStore|ARM = AppStore|ARM
		AppStore|iPhone = AppStore|iPhone
		AppStore|iPhoneSimulator = AppStore|iPhoneSimulator
		AppStore|Mixed Platforms = AppStore|Mixed Platforms
		AppStore|x86 = AppStore|x86
		Debug|Any CPU = Debug|Any CPU
		Debug|ARM = Debug|ARM
		Debug|iPhone = Debug|iPhone
		Debug|iPhoneSimulator = Debug|iPhoneSimulator
		Debug|Mixed Platforms = Debug|Mixed Platforms
		Debug|x86 = Debug|x86
		Release|Any CPU = Release|Any CPU
		Release|ARM = Release|ARM
		Release|iPhone = Release|iPhone
		Release|iPhoneSimulator = Release|iPhoneSimulator
		Release|Mixed Platforms = Release|Mixed Platforms
		Release|x86 = Release|x86
	EndGlobalSection
	GlobalSection(ProjectConfigurationPlatforms) = postSolution
		{5C68AA4A-723D-48A1-9F8D-08DED42AB85C}.Ad-Hoc|Any CPU.ActiveCfg = Release|Any CPU
		{5C68AA4A-723D-48A1-9F8D-08DED42AB85C}.Ad-Hoc|Any CPU.Build.0 = Release|Any CPU
		{5C68AA4A-723D-48A1-9F8D-08DED42AB85C}.Ad-Hoc|ARM.ActiveCfg = Debug|Any CPU
		{5C68AA4A-723D-48A1-9F8D-08DED42AB85C}.Ad-Hoc|iPhone.ActiveCfg = Release|Any CPU
		{5C68AA4A-723D-48A1-9F8D-08DED42AB85C}.Ad-Hoc|iPhoneSimulator.ActiveCfg = Release|Any CPU
		{5C68AA4A-723D-48A1-9F8D-08DED42AB85C}.Ad-Hoc|Mixed Platforms.ActiveCfg = Release|Any CPU
		{5C68AA4A-723D-48A1-9F8D-08DED42AB85C}.Ad-Hoc|Mixed Platforms.Build.0 = Release|Any CPU
		{5C68AA4A-723D-48A1-9F8D-08DED42AB85C}.Ad-Hoc|x86.ActiveCfg = Debug|Any CPU
		{5C68AA4A-723D-48A1-9F8D-08DED42AB85C}.AppStore|Any CPU.ActiveCfg = Release|Any CPU
		{5C68AA4A-723D-48A1-9F8D-08DED42AB85C}.AppStore|Any CPU.Build.0 = Release|Any CPU
		{5C68AA4A-723D-48A1-9F8D-08DED42AB85C}.AppStore|ARM.ActiveCfg = Debug|Any CPU
		{5C68AA4A-723D-48A1-9F8D-08DED42AB85C}.AppStore|iPhone.ActiveCfg = Release|Any CPU
		{5C68AA4A-723D-48A1-9F8D-08DED42AB85C}.AppStore|iPhoneSimulator.ActiveCfg = Release|Any CPU
		{5C68AA4A-723D-48A1-9F8D-08DED42AB85C}.AppStore|Mixed Platforms.ActiveCfg = Release|Any CPU
		{5C68AA4A-723D-48A1-9F8D-08DED42AB85C}.AppStore|Mixed Platforms.Build.0 = Release|Any CPU
		{5C68AA4A-723D-48A1-9F8D-08DED42AB85C}.AppStore|x86.ActiveCfg = Debug|Any CPU
		{5C68AA4A-723D-48A1-9F8D-08DED42AB85C}.Debug|Any CPU.ActiveCfg = Debug|Any CPU
		{5C68AA4A-723D-48A1-9F8D-08DED42AB85C}.Debug|Any CPU.Build.0 = Debug|Any CPU
		{5C68AA4A-723D-48A1-9F8D-08DED42AB85C}.Debug|ARM.ActiveCfg = Debug|Any CPU
		{5C68AA4A-723D-48A1-9F8D-08DED42AB85C}.Debug|iPhone.ActiveCfg = Debug|Any CPU
		{5C68AA4A-723D-48A1-9F8D-08DED42AB85C}.Debug|iPhone.Build.0 = Debug|Any CPU
		{5C68AA4A-723D-48A1-9F8D-08DED42AB85C}.Debug|iPhoneSimulator.ActiveCfg = Debug|Any CPU
		{5C68AA4A-723D-48A1-9F8D-08DED42AB85C}.Debug|iPhoneSimulator.Build.0 = Debug|Any CPU
		{5C68AA4A-723D-48A1-9F8D-08DED42AB85C}.Debug|Mixed Platforms.ActiveCfg = Debug|Any CPU
		{5C68AA4A-723D-48A1-9F8D-08DED42AB85C}.Debug|Mixed Platforms.Build.0 = Debug|Any CPU
		{5C68AA4A-723D-48A1-9F8D-08DED42AB85C}.Debug|x86.ActiveCfg = Debug|Any CPU
		{5C68AA4A-723D-48A1-9F8D-08DED42AB85C}.Release|Any CPU.ActiveCfg = Release|Any CPU
		{5C68AA4A-723D-48A1-9F8D-08DED42AB85C}.Release|Any CPU.Build.0 = Release|Any CPU
		{5C68AA4A-723D-48A1-9F8D-08DED42AB85C}.Release|ARM.ActiveCfg = Release|Any CPU
		{5C68AA4A-723D-48A1-9F8D-08DED42AB85C}.Release|iPhone.ActiveCfg = Release|Any CPU
		{5C68AA4A-723D-48A1-9F8D-08DED42AB85C}.Release|iPhoneSimulator.ActiveCfg = Release|Any CPU
		{5C68AA4A-723D-48A1-9F8D-08DED42AB85C}.Release|Mixed Platforms.ActiveCfg = Release|Any CPU
		{5C68AA4A-723D-48A1-9F8D-08DED42AB85C}.Release|Mixed Platforms.Build.0 = Release|Any CPU
		{5C68AA4A-723D-48A1-9F8D-08DED42AB85C}.Release|x86.ActiveCfg = Release|Any CPU
		{06DFFD64-5609-489E-A719-7A37C697581F}.Ad-Hoc|Any CPU.ActiveCfg = Release|Any CPU
		{06DFFD64-5609-489E-A719-7A37C697581F}.Ad-Hoc|Any CPU.Build.0 = Release|Any CPU
		{06DFFD64-5609-489E-A719-7A37C697581F}.Ad-Hoc|Any CPU.Deploy.0 = Release|Any CPU
		{06DFFD64-5609-489E-A719-7A37C697581F}.Ad-Hoc|ARM.ActiveCfg = Debug|Any CPU
		{06DFFD64-5609-489E-A719-7A37C697581F}.Ad-Hoc|iPhone.ActiveCfg = Release|Any CPU
		{06DFFD64-5609-489E-A719-7A37C697581F}.Ad-Hoc|iPhoneSimulator.ActiveCfg = Release|Any CPU
		{06DFFD64-5609-489E-A719-7A37C697581F}.Ad-Hoc|Mixed Platforms.ActiveCfg = Release|Any CPU
		{06DFFD64-5609-489E-A719-7A37C697581F}.Ad-Hoc|Mixed Platforms.Build.0 = Release|Any CPU
		{06DFFD64-5609-489E-A719-7A37C697581F}.Ad-Hoc|Mixed Platforms.Deploy.0 = Release|Any CPU
		{06DFFD64-5609-489E-A719-7A37C697581F}.Ad-Hoc|x86.ActiveCfg = Debug|Any CPU
		{06DFFD64-5609-489E-A719-7A37C697581F}.AppStore|Any CPU.ActiveCfg = Release|Any CPU
		{06DFFD64-5609-489E-A719-7A37C697581F}.AppStore|Any CPU.Build.0 = Release|Any CPU
		{06DFFD64-5609-489E-A719-7A37C697581F}.AppStore|Any CPU.Deploy.0 = Release|Any CPU
		{06DFFD64-5609-489E-A719-7A37C697581F}.AppStore|ARM.ActiveCfg = Debug|Any CPU
		{06DFFD64-5609-489E-A719-7A37C697581F}.AppStore|iPhone.ActiveCfg = Release|Any CPU
		{06DFFD64-5609-489E-A719-7A37C697581F}.AppStore|iPhoneSimulator.ActiveCfg = Release|Any CPU
		{06DFFD64-5609-489E-A719-7A37C697581F}.AppStore|Mixed Platforms.ActiveCfg = Release|Any CPU
		{06DFFD64-5609-489E-A719-7A37C697581F}.AppStore|Mixed Platforms.Build.0 = Release|Any CPU
		{06DFFD64-5609-489E-A719-7A37C697581F}.AppStore|Mixed Platforms.Deploy.0 = Release|Any CPU
		{06DFFD64-5609-489E-A719-7A37C697581F}.AppStore|x86.ActiveCfg = Debug|Any CPU
		{06DFFD64-5609-489E-A719-7A37C697581F}.Debug|Any CPU.ActiveCfg = Debug|Any CPU
		{06DFFD64-5609-489E-A719-7A37C697581F}.Debug|Any CPU.Build.0 = Debug|Any CPU
		{06DFFD64-5609-489E-A719-7A37C697581F}.Debug|Any CPU.Deploy.0 = Debug|Any CPU
		{06DFFD64-5609-489E-A719-7A37C697581F}.Debug|ARM.ActiveCfg = Debug|Any CPU
		{06DFFD64-5609-489E-A719-7A37C697581F}.Debug|iPhone.ActiveCfg = Debug|Any CPU
		{06DFFD64-5609-489E-A719-7A37C697581F}.Debug|iPhoneSimulator.ActiveCfg = Debug|Any CPU
		{06DFFD64-5609-489E-A719-7A37C697581F}.Debug|Mixed Platforms.ActiveCfg = Debug|Any CPU
		{06DFFD64-5609-489E-A719-7A37C697581F}.Debug|Mixed Platforms.Build.0 = Debug|Any CPU
		{06DFFD64-5609-489E-A719-7A37C697581F}.Debug|Mixed Platforms.Deploy.0 = Debug|Any CPU
		{06DFFD64-5609-489E-A719-7A37C697581F}.Debug|x86.ActiveCfg = Debug|Any CPU
		{06DFFD64-5609-489E-A719-7A37C697581F}.Release|Any CPU.ActiveCfg = Release|Any CPU
		{06DFFD64-5609-489E-A719-7A37C697581F}.Release|Any CPU.Build.0 = Release|Any CPU
		{06DFFD64-5609-489E-A719-7A37C697581F}.Release|Any CPU.Deploy.0 = Release|Any CPU
		{06DFFD64-5609-489E-A719-7A37C697581F}.Release|ARM.ActiveCfg = Release|Any CPU
		{06DFFD64-5609-489E-A719-7A37C697581F}.Release|iPhone.ActiveCfg = Release|Any CPU
		{06DFFD64-5609-489E-A719-7A37C697581F}.Release|iPhoneSimulator.ActiveCfg = Release|Any CPU
		{06DFFD64-5609-489E-A719-7A37C697581F}.Release|Mixed Platforms.ActiveCfg = Release|Any CPU
		{06DFFD64-5609-489E-A719-7A37C697581F}.Release|Mixed Platforms.Build.0 = Release|Any CPU
		{06DFFD64-5609-489E-A719-7A37C697581F}.Release|Mixed Platforms.Deploy.0 = Release|Any CPU
		{06DFFD64-5609-489E-A719-7A37C697581F}.Release|x86.ActiveCfg = Release|Any CPU
		{EC9DBF88-93FD-41D9-B7D2-4A1517948312}.Ad-Hoc|Any CPU.ActiveCfg = Release|Any CPU
		{EC9DBF88-93FD-41D9-B7D2-4A1517948312}.Ad-Hoc|Any CPU.Build.0 = Release|Any CPU
		{EC9DBF88-93FD-41D9-B7D2-4A1517948312}.Ad-Hoc|Any CPU.Deploy.0 = Release|Any CPU
		{EC9DBF88-93FD-41D9-B7D2-4A1517948312}.Ad-Hoc|ARM.ActiveCfg = Release|ARM
		{EC9DBF88-93FD-41D9-B7D2-4A1517948312}.Ad-Hoc|ARM.Build.0 = Release|ARM
		{EC9DBF88-93FD-41D9-B7D2-4A1517948312}.Ad-Hoc|ARM.Deploy.0 = Release|ARM
		{EC9DBF88-93FD-41D9-B7D2-4A1517948312}.Ad-Hoc|iPhone.ActiveCfg = Release|Any CPU
		{EC9DBF88-93FD-41D9-B7D2-4A1517948312}.Ad-Hoc|iPhoneSimulator.ActiveCfg = Release|Any CPU
		{EC9DBF88-93FD-41D9-B7D2-4A1517948312}.Ad-Hoc|Mixed Platforms.ActiveCfg = Release|x86
		{EC9DBF88-93FD-41D9-B7D2-4A1517948312}.Ad-Hoc|Mixed Platforms.Build.0 = Release|x86
		{EC9DBF88-93FD-41D9-B7D2-4A1517948312}.Ad-Hoc|Mixed Platforms.Deploy.0 = Release|x86
		{EC9DBF88-93FD-41D9-B7D2-4A1517948312}.Ad-Hoc|x86.ActiveCfg = Release|x86
		{EC9DBF88-93FD-41D9-B7D2-4A1517948312}.Ad-Hoc|x86.Build.0 = Release|x86
		{EC9DBF88-93FD-41D9-B7D2-4A1517948312}.Ad-Hoc|x86.Deploy.0 = Release|x86
		{EC9DBF88-93FD-41D9-B7D2-4A1517948312}.AppStore|Any CPU.ActiveCfg = Release|Any CPU
		{EC9DBF88-93FD-41D9-B7D2-4A1517948312}.AppStore|Any CPU.Build.0 = Release|Any CPU
		{EC9DBF88-93FD-41D9-B7D2-4A1517948312}.AppStore|Any CPU.Deploy.0 = Release|Any CPU
		{EC9DBF88-93FD-41D9-B7D2-4A1517948312}.AppStore|ARM.ActiveCfg = Release|ARM
		{EC9DBF88-93FD-41D9-B7D2-4A1517948312}.AppStore|ARM.Build.0 = Release|ARM
		{EC9DBF88-93FD-41D9-B7D2-4A1517948312}.AppStore|ARM.Deploy.0 = Release|ARM
		{EC9DBF88-93FD-41D9-B7D2-4A1517948312}.AppStore|iPhone.ActiveCfg = Release|Any CPU
		{EC9DBF88-93FD-41D9-B7D2-4A1517948312}.AppStore|iPhoneSimulator.ActiveCfg = Release|Any CPU
		{EC9DBF88-93FD-41D9-B7D2-4A1517948312}.AppStore|Mixed Platforms.ActiveCfg = Release|x86
		{EC9DBF88-93FD-41D9-B7D2-4A1517948312}.AppStore|Mixed Platforms.Build.0 = Release|x86
		{EC9DBF88-93FD-41D9-B7D2-4A1517948312}.AppStore|Mixed Platforms.Deploy.0 = Release|x86
		{EC9DBF88-93FD-41D9-B7D2-4A1517948312}.AppStore|x86.ActiveCfg = Release|x86
		{EC9DBF88-93FD-41D9-B7D2-4A1517948312}.AppStore|x86.Build.0 = Release|x86
		{EC9DBF88-93FD-41D9-B7D2-4A1517948312}.AppStore|x86.Deploy.0 = Release|x86
		{EC9DBF88-93FD-41D9-B7D2-4A1517948312}.Debug|Any CPU.ActiveCfg = Debug|x86
		{EC9DBF88-93FD-41D9-B7D2-4A1517948312}.Debug|Any CPU.Build.0 = Debug|x86
		{EC9DBF88-93FD-41D9-B7D2-4A1517948312}.Debug|Any CPU.Deploy.0 = Debug|x86
		{EC9DBF88-93FD-41D9-B7D2-4A1517948312}.Debug|ARM.ActiveCfg = Debug|ARM
		{EC9DBF88-93FD-41D9-B7D2-4A1517948312}.Debug|ARM.Build.0 = Debug|ARM
		{EC9DBF88-93FD-41D9-B7D2-4A1517948312}.Debug|ARM.Deploy.0 = Debug|ARM
		{EC9DBF88-93FD-41D9-B7D2-4A1517948312}.Debug|iPhone.ActiveCfg = Debug|Any CPU
		{EC9DBF88-93FD-41D9-B7D2-4A1517948312}.Debug|iPhoneSimulator.ActiveCfg = Debug|Any CPU
		{EC9DBF88-93FD-41D9-B7D2-4A1517948312}.Debug|Mixed Platforms.ActiveCfg = Debug|x86
		{EC9DBF88-93FD-41D9-B7D2-4A1517948312}.Debug|Mixed Platforms.Build.0 = Debug|x86
		{EC9DBF88-93FD-41D9-B7D2-4A1517948312}.Debug|Mixed Platforms.Deploy.0 = Debug|x86
		{EC9DBF88-93FD-41D9-B7D2-4A1517948312}.Debug|x86.ActiveCfg = Debug|x86
		{EC9DBF88-93FD-41D9-B7D2-4A1517948312}.Debug|x86.Build.0 = Debug|x86
		{EC9DBF88-93FD-41D9-B7D2-4A1517948312}.Debug|x86.Deploy.0 = Debug|x86
		{EC9DBF88-93FD-41D9-B7D2-4A1517948312}.Release|Any CPU.ActiveCfg = Release|Any CPU
		{EC9DBF88-93FD-41D9-B7D2-4A1517948312}.Release|Any CPU.Build.0 = Release|Any CPU
		{EC9DBF88-93FD-41D9-B7D2-4A1517948312}.Release|Any CPU.Deploy.0 = Release|Any CPU
		{EC9DBF88-93FD-41D9-B7D2-4A1517948312}.Release|ARM.ActiveCfg = Release|ARM
		{EC9DBF88-93FD-41D9-B7D2-4A1517948312}.Release|ARM.Build.0 = Release|ARM
		{EC9DBF88-93FD-41D9-B7D2-4A1517948312}.Release|ARM.Deploy.0 = Release|ARM
		{EC9DBF88-93FD-41D9-B7D2-4A1517948312}.Release|iPhone.ActiveCfg = Release|Any CPU
		{EC9DBF88-93FD-41D9-B7D2-4A1517948312}.Release|iPhoneSimulator.ActiveCfg = Release|Any CPU
		{EC9DBF88-93FD-41D9-B7D2-4A1517948312}.Release|Mixed Platforms.ActiveCfg = Release|x86
		{EC9DBF88-93FD-41D9-B7D2-4A1517948312}.Release|Mixed Platforms.Build.0 = Release|x86
		{EC9DBF88-93FD-41D9-B7D2-4A1517948312}.Release|Mixed Platforms.Deploy.0 = Release|x86
		{EC9DBF88-93FD-41D9-B7D2-4A1517948312}.Release|x86.ActiveCfg = Release|x86
		{EC9DBF88-93FD-41D9-B7D2-4A1517948312}.Release|x86.Build.0 = Release|x86
		{EC9DBF88-93FD-41D9-B7D2-4A1517948312}.Release|x86.Deploy.0 = Release|x86
		{4AD8283E-7936-4EE9-BDC5-D6F5F06C3251}.Ad-Hoc|Any CPU.ActiveCfg = Ad-Hoc|iPhone
		{4AD8283E-7936-4EE9-BDC5-D6F5F06C3251}.Ad-Hoc|ARM.ActiveCfg = Ad-Hoc|iPhone
		{4AD8283E-7936-4EE9-BDC5-D6F5F06C3251}.Ad-Hoc|iPhone.ActiveCfg = Ad-Hoc|iPhone
		{4AD8283E-7936-4EE9-BDC5-D6F5F06C3251}.Ad-Hoc|iPhone.Build.0 = Ad-Hoc|iPhone
		{4AD8283E-7936-4EE9-BDC5-D6F5F06C3251}.Ad-Hoc|iPhoneSimulator.ActiveCfg = Ad-Hoc|iPhoneSimulator
		{4AD8283E-7936-4EE9-BDC5-D6F5F06C3251}.Ad-Hoc|iPhoneSimulator.Build.0 = Ad-Hoc|iPhoneSimulator
		{4AD8283E-7936-4EE9-BDC5-D6F5F06C3251}.Ad-Hoc|Mixed Platforms.ActiveCfg = Ad-Hoc|iPhone
		{4AD8283E-7936-4EE9-BDC5-D6F5F06C3251}.Ad-Hoc|Mixed Platforms.Build.0 = Ad-Hoc|iPhone
		{4AD8283E-7936-4EE9-BDC5-D6F5F06C3251}.Ad-Hoc|x86.ActiveCfg = Ad-Hoc|iPhone
		{4AD8283E-7936-4EE9-BDC5-D6F5F06C3251}.AppStore|Any CPU.ActiveCfg = AppStore|iPhone
		{4AD8283E-7936-4EE9-BDC5-D6F5F06C3251}.AppStore|ARM.ActiveCfg = AppStore|iPhone
		{4AD8283E-7936-4EE9-BDC5-D6F5F06C3251}.AppStore|iPhone.ActiveCfg = AppStore|iPhone
		{4AD8283E-7936-4EE9-BDC5-D6F5F06C3251}.AppStore|iPhone.Build.0 = AppStore|iPhone
		{4AD8283E-7936-4EE9-BDC5-D6F5F06C3251}.AppStore|iPhoneSimulator.ActiveCfg = AppStore|iPhoneSimulator
		{4AD8283E-7936-4EE9-BDC5-D6F5F06C3251}.AppStore|iPhoneSimulator.Build.0 = AppStore|iPhoneSimulator
		{4AD8283E-7936-4EE9-BDC5-D6F5F06C3251}.AppStore|Mixed Platforms.ActiveCfg = AppStore|iPhone
		{4AD8283E-7936-4EE9-BDC5-D6F5F06C3251}.AppStore|Mixed Platforms.Build.0 = AppStore|iPhone
		{4AD8283E-7936-4EE9-BDC5-D6F5F06C3251}.AppStore|x86.ActiveCfg = AppStore|iPhone
		{4AD8283E-7936-4EE9-BDC5-D6F5F06C3251}.Debug|Any CPU.ActiveCfg = Debug|iPhone
		{4AD8283E-7936-4EE9-BDC5-D6F5F06C3251}.Debug|ARM.ActiveCfg = Debug|iPhone
		{4AD8283E-7936-4EE9-BDC5-D6F5F06C3251}.Debug|iPhone.ActiveCfg = Debug|iPhone
		{4AD8283E-7936-4EE9-BDC5-D6F5F06C3251}.Debug|iPhone.Build.0 = Debug|iPhone
		{4AD8283E-7936-4EE9-BDC5-D6F5F06C3251}.Debug|iPhoneSimulator.ActiveCfg = Debug|iPhoneSimulator
		{4AD8283E-7936-4EE9-BDC5-D6F5F06C3251}.Debug|iPhoneSimulator.Build.0 = Debug|iPhoneSimulator
		{4AD8283E-7936-4EE9-BDC5-D6F5F06C3251}.Debug|Mixed Platforms.ActiveCfg = Debug|iPhone
		{4AD8283E-7936-4EE9-BDC5-D6F5F06C3251}.Debug|Mixed Platforms.Build.0 = Debug|iPhone
		{4AD8283E-7936-4EE9-BDC5-D6F5F06C3251}.Debug|x86.ActiveCfg = Debug|iPhone
		{4AD8283E-7936-4EE9-BDC5-D6F5F06C3251}.Release|Any CPU.ActiveCfg = Release|iPhone
		{4AD8283E-7936-4EE9-BDC5-D6F5F06C3251}.Release|ARM.ActiveCfg = Release|iPhone
		{4AD8283E-7936-4EE9-BDC5-D6F5F06C3251}.Release|iPhone.ActiveCfg = Release|iPhone
		{4AD8283E-7936-4EE9-BDC5-D6F5F06C3251}.Release|iPhone.Build.0 = Release|iPhone
		{4AD8283E-7936-4EE9-BDC5-D6F5F06C3251}.Release|iPhoneSimulator.ActiveCfg = Release|iPhoneSimulator
		{4AD8283E-7936-4EE9-BDC5-D6F5F06C3251}.Release|iPhoneSimulator.Build.0 = Release|iPhoneSimulator
		{4AD8283E-7936-4EE9-BDC5-D6F5F06C3251}.Release|Mixed Platforms.ActiveCfg = Release|iPhone
		{4AD8283E-7936-4EE9-BDC5-D6F5F06C3251}.Release|Mixed Platforms.Build.0 = Release|iPhone
		{4AD8283E-7936-4EE9-BDC5-D6F5F06C3251}.Release|x86.ActiveCfg = Release|iPhone
		{5B14EA28-EC89-4576-AA99-B17793E06835}.Ad-Hoc|Any CPU.ActiveCfg = Release|Any CPU
		{5B14EA28-EC89-4576-AA99-B17793E06835}.Ad-Hoc|Any CPU.Build.0 = Release|Any CPU
		{5B14EA28-EC89-4576-AA99-B17793E06835}.Ad-Hoc|ARM.ActiveCfg = Release|Any CPU
		{5B14EA28-EC89-4576-AA99-B17793E06835}.Ad-Hoc|iPhone.ActiveCfg = Release|Any CPU
		{5B14EA28-EC89-4576-AA99-B17793E06835}.Ad-Hoc|iPhoneSimulator.ActiveCfg = Release|Any CPU
		{5B14EA28-EC89-4576-AA99-B17793E06835}.Ad-Hoc|Mixed Platforms.ActiveCfg = Release|Any CPU
		{5B14EA28-EC89-4576-AA99-B17793E06835}.Ad-Hoc|Mixed Platforms.Build.0 = Release|Any CPU
		{5B14EA28-EC89-4576-AA99-B17793E06835}.Ad-Hoc|x86.ActiveCfg = Release|Any CPU
		{5B14EA28-EC89-4576-AA99-B17793E06835}.AppStore|Any CPU.ActiveCfg = Release|Any CPU
		{5B14EA28-EC89-4576-AA99-B17793E06835}.AppStore|Any CPU.Build.0 = Release|Any CPU
		{5B14EA28-EC89-4576-AA99-B17793E06835}.AppStore|ARM.ActiveCfg = Release|Any CPU
		{5B14EA28-EC89-4576-AA99-B17793E06835}.AppStore|iPhone.ActiveCfg = Release|Any CPU
		{5B14EA28-EC89-4576-AA99-B17793E06835}.AppStore|iPhoneSimulator.ActiveCfg = Release|Any CPU
		{5B14EA28-EC89-4576-AA99-B17793E06835}.AppStore|Mixed Platforms.ActiveCfg = Release|Any CPU
		{5B14EA28-EC89-4576-AA99-B17793E06835}.AppStore|Mixed Platforms.Build.0 = Release|Any CPU
		{5B14EA28-EC89-4576-AA99-B17793E06835}.AppStore|x86.ActiveCfg = Release|Any CPU
		{5B14EA28-EC89-4576-AA99-B17793E06835}.Debug|Any CPU.ActiveCfg = Debug|Any CPU
		{5B14EA28-EC89-4576-AA99-B17793E06835}.Debug|Any CPU.Build.0 = Debug|Any CPU
		{5B14EA28-EC89-4576-AA99-B17793E06835}.Debug|ARM.ActiveCfg = Debug|Any CPU
		{5B14EA28-EC89-4576-AA99-B17793E06835}.Debug|iPhone.ActiveCfg = Debug|Any CPU
		{5B14EA28-EC89-4576-AA99-B17793E06835}.Debug|iPhoneSimulator.ActiveCfg = Debug|Any CPU
		{5B14EA28-EC89-4576-AA99-B17793E06835}.Debug|Mixed Platforms.ActiveCfg = Debug|Any CPU
		{5B14EA28-EC89-4576-AA99-B17793E06835}.Debug|Mixed Platforms.Build.0 = Debug|Any CPU
		{5B14EA28-EC89-4576-AA99-B17793E06835}.Debug|x86.ActiveCfg = Debug|Any CPU
		{5B14EA28-EC89-4576-AA99-B17793E06835}.Release|Any CPU.ActiveCfg = Release|Any CPU
		{5B14EA28-EC89-4576-AA99-B17793E06835}.Release|Any CPU.Build.0 = Release|Any CPU
		{5B14EA28-EC89-4576-AA99-B17793E06835}.Release|ARM.ActiveCfg = Release|Any CPU
		{5B14EA28-EC89-4576-AA99-B17793E06835}.Release|iPhone.ActiveCfg = Release|Any CPU
		{5B14EA28-EC89-4576-AA99-B17793E06835}.Release|iPhoneSimulator.ActiveCfg = Release|Any CPU
		{5B14EA28-EC89-4576-AA99-B17793E06835}.Release|Mixed Platforms.ActiveCfg = Release|Any CPU
		{5B14EA28-EC89-4576-AA99-B17793E06835}.Release|Mixed Platforms.Build.0 = Release|Any CPU
		{5B14EA28-EC89-4576-AA99-B17793E06835}.Release|x86.ActiveCfg = Release|Any CPU
	EndGlobalSection
	GlobalSection(SolutionProperties) = preSolution
		HideSolutionNode = FALSE
	EndGlobalSection
	GlobalSection(NestedProjects) = preSolution
		{06DFFD64-5609-489E-A719-7A37C697581F} = {29049C8C-0830-4D6D-8006-56FE818418F2}
		{EC9DBF88-93FD-41D9-B7D2-4A1517948312} = {29049C8C-0830-4D6D-8006-56FE818418F2}
		{4AD8283E-7936-4EE9-BDC5-D6F5F06C3251} = {29049C8C-0830-4D6D-8006-56FE818418F2}
	EndGlobalSection
EndGlobal
